
Microsoft Visual Studio Solution File, Format Version 12.00
# Visual Studio Version 17
VisualStudioVersion = 17.4.33103.184
MinimumVisualStudioVersion = 10.0.40219.1
Project("{8BC9CEB8-8B4A-11D0-8D11-00A0C91BC942}") = "exam-01-01-hello", "exam-01-01-hello\exam-01-01-hello.vcxproj", "{05980871-76E7-4098-8BA7-66EE93C15B98}"
EndProject
Project("{8BC9CEB8-8B4A-11D0-8D11-00A0C91BC942}") = "exam-01-02-comment", "exam-01-02-comment\exam-01-02-comment.vcxproj", "{5E757D86-BBE8-47F9-9BF3-1A31DB6F5585}"
EndProject
Project("{8BC9CEB8-8B4A-11D0-8D11-00A0C91BC942}") = "exam-02-01-var", "exam-02-01-var\exam-02-01-var.vcxproj", "{7CA6C2AC-EDF5-4347-8C1E-10882244CB51}"
EndProject
Project("{8BC9CEB8-8B4A-11D0-8D11-00A0C91BC942}") = "exam-02-02-variable-type", "exam-02-02-variable-type\exam-02-02-variable-type.vcxproj", "{DAECEAEC-2644-4279-B74A-02CED8814AB3}"
EndProject
Project("{8BC9CEB8-8B4A-11D0-8D11-00A0C91BC942}") = "exam-02-03-literal", "exam-02-03-literal\exam-02-03-literal.vcxproj", "{27D7C372-B6D8-4B0C-9190-4F18296B86D9}"
EndProject
Project("{8BC9CEB8-8B4A-11D0-8D11-00A0C91BC942}") = "exam-02-04-cast", "exam-02-04-cast\exam-02-04-cast.vcxproj", "{00D5C918-03AC-42E5-B693-7E93C47D0D0A}"
EndProject
Project("{8BC9CEB8-8B4A-11D0-8D11-00A0C91BC942}") = "exam-03-01-data", "exam-03-01-data\exam-03-01-data.vcxproj", "{18822F9B-AD82-4AAE-8FFD-59EDAEA941B8}"
EndProject
Project("{8BC9CEB8-8B4A-11D0-8D11-00A0C91BC942}") = "exam-04-01-printf", "exam-04-01-printf\exam-04-01-printf.vcxproj", "{5C46D5C8-E022-455E-9EF4-098541CB636A}"
EndProject
Project("{8BC9CEB8-8B4A-11D0-8D11-00A0C91BC942}") = "exam-04-02-scanf", "exam-04-02-scanf\exam-04-02-scanf.vcxproj", "{8514AF2D-8561-4C71-84FB-7B9ACB42D4DD}"
EndProject
Project("{8BC9CEB8-8B4A-11D0-8D11-00A0C91BC942}") = "exam-05-01-operator", "exam-05-01-operator\exam-05-01-operator.vcxproj", "{A22365AB-C9F0-490E-BF66-AF33CA0CA9F4}"
EndProject
Global
	GlobalSection(SolutionConfigurationPlatforms) = preSolution
		Debug|x64 = Debug|x64
		Debug|x86 = Debug|x86
		Release|x64 = Release|x64
		Release|x86 = Release|x86
	EndGlobalSection
	GlobalSection(ProjectConfigurationPlatforms) = postSolution
		{05980871-76E7-4098-8BA7-66EE93C15B98}.Debug|x64.ActiveCfg = Debug|x64
		{05980871-76E7-4098-8BA7-66EE93C15B98}.Debug|x64.Build.0 = Debug|x64
		{05980871-76E7-4098-8BA7-66EE93C15B98}.Debug|x86.ActiveCfg = Debug|Win32
		{05980871-76E7-4098-8BA7-66EE93C15B98}.Debug|x86.Build.0 = Debug|Win32
		{05980871-76E7-4098-8BA7-66EE93C15B98}.Release|x64.ActiveCfg = Release|x64
		{05980871-76E7-4098-8BA7-66EE93C15B98}.Release|x64.Build.0 = Release|x64
		{05980871-76E7-4098-8BA7-66EE93C15B98}.Release|x86.ActiveCfg = Release|Win32
		{05980871-76E7-4098-8BA7-66EE93C15B98}.Release|x86.Build.0 = Release|Win32
		{5E757D86-BBE8-47F9-9BF3-1A31DB6F5585}.Debug|x64.ActiveCfg = Debug|x64
		{5E757D86-BBE8-47F9-9BF3-1A31DB6F5585}.Debug|x64.Build.0 = Debug|x64
		{5E757D86-BBE8-47F9-9BF3-1A31DB6F5585}.Debug|x86.ActiveCfg = Debug|Win32
		{5E757D86-BBE8-47F9-9BF3-1A31DB6F5585}.Debug|x86.Build.0 = Debug|Win32
		{5E757D86-BBE8-47F9-9BF3-1A31DB6F5585}.Release|x64.ActiveCfg = Release|x64
		{5E757D86-BBE8-47F9-9BF3-1A31DB6F5585}.Release|x64.Build.0 = Release|x64
		{5E757D86-BBE8-47F9-9BF3-1A31DB6F5585}.Release|x86.ActiveCfg = Release|Win32
		{5E757D86-BBE8-47F9-9BF3-1A31DB6F5585}.Release|x86.Build.0 = Release|Win32
		{7CA6C2AC-EDF5-4347-8C1E-10882244CB51}.Debug|x64.ActiveCfg = Debug|x64
		{7CA6C2AC-EDF5-4347-8C1E-10882244CB51}.Debug|x64.Build.0 = Debug|x64
		{7CA6C2AC-EDF5-4347-8C1E-10882244CB51}.Debug|x86.ActiveCfg = Debug|Win32
		{7CA6C2AC-EDF5-4347-8C1E-10882244CB51}.Debug|x86.Build.0 = Debug|Win32
		{7CA6C2AC-EDF5-4347-8C1E-10882244CB51}.Release|x64.ActiveCfg = Release|x64
		{7CA6C2AC-EDF5-4347-8C1E-10882244CB51}.Release|x64.Build.0 = Release|x64
		{7CA6C2AC-EDF5-4347-8C1E-10882244CB51}.Release|x86.ActiveCfg = Release|Win32
		{7CA6C2AC-EDF5-4347-8C1E-10882244CB51}.Release|x86.Build.0 = Release|Win32
		{DAECEAEC-2644-4279-B74A-02CED8814AB3}.Debug|x64.ActiveCfg = Debug|x64
		{DAECEAEC-2644-4279-B74A-02CED8814AB3}.Debug|x64.Build.0 = Debug|x64
		{DAECEAEC-2644-4279-B74A-02CED8814AB3}.Debug|x86.ActiveCfg = Debug|Win32
		{DAECEAEC-2644-4279-B74A-02CED8814AB3}.Debug|x86.Build.0 = Debug|Win32
		{DAECEAEC-2644-4279-B74A-02CED8814AB3}.Release|x64.ActiveCfg = Release|x64
		{DAECEAEC-2644-4279-B74A-02CED8814AB3}.Release|x64.Build.0 = Release|x64
		{DAECEAEC-2644-4279-B74A-02CED8814AB3}.Release|x86.ActiveCfg = Release|Win32
		{DAECEAEC-2644-4279-B74A-02CED8814AB3}.Release|x86.Build.0 = Release|Win32
		{27D7C372-B6D8-4B0C-9190-4F18296B86D9}.Debug|x64.ActiveCfg = Debug|x64
		{27D7C372-B6D8-4B0C-9190-4F18296B86D9}.Debug|x64.Build.0 = Debug|x64
		{27D7C372-B6D8-4B0C-9190-4F18296B86D9}.Debug|x86.ActiveCfg = Debug|Win32
		{27D7C372-B6D8-4B0C-9190-4F18296B86D9}.Debug|x86.Build.0 = Debug|Win32
		{27D7C372-B6D8-4B0C-9190-4F18296B86D9}.Release|x64.ActiveCfg = Release|x64
		{27D7C372-B6D8-4B0C-9190-4F18296B86D9}.Release|x64.Build.0 = Release|x64
		{27D7C372-B6D8-4B0C-9190-4F18296B86D9}.Release|x86.ActiveCfg = Release|Win32
		{27D7C372-B6D8-4B0C-9190-4F18296B86D9}.Release|x86.Build.0 = Release|Win32
		{00D5C918-03AC-42E5-B693-7E93C47D0D0A}.Debug|x64.ActiveCfg = Debug|x64
		{00D5C918-03AC-42E5-B693-7E93C47D0D0A}.Debug|x64.Build.0 = Debug|x64
		{00D5C918-03AC-42E5-B693-7E93C47D0D0A}.Debug|x86.ActiveCfg = Debug|Win32
		{00D5C918-03AC-42E5-B693-7E93C47D0D0A}.Debug|x86.Build.0 = Debug|Win32
		{00D5C918-03AC-42E5-B693-7E93C47D0D0A}.Release|x64.ActiveCfg = Release|x64
		{00D5C918-03AC-42E5-B693-7E93C47D0D0A}.Release|x64.Build.0 = Release|x64
		{00D5C918-03AC-42E5-B693-7E93C47D0D0A}.Release|x86.ActiveCfg = Release|Win32
		{00D5C918-03AC-42E5-B693-7E93C47D0D0A}.Release|x86.Build.0 = Release|Win32
		{18822F9B-AD82-4AAE-8FFD-59EDAEA941B8}.Debug|x64.ActiveCfg = Debug|x64
		{18822F9B-AD82-4AAE-8FFD-59EDAEA941B8}.Debug|x64.Build.0 = Debug|x64
		{18822F9B-AD82-4AAE-8FFD-59EDAEA941B8}.Debug|x86.ActiveCfg = Debug|Win32
		{18822F9B-AD82-4AAE-8FFD-59EDAEA941B8}.Debug|x86.Build.0 = Debug|Win32
		{18822F9B-AD82-4AAE-8FFD-59EDAEA941B8}.Release|x64.ActiveCfg = Release|x64
		{18822F9B-AD82-4AAE-8FFD-59EDAEA941B8}.Release|x64.Build.0 = Release|x64
		{18822F9B-AD82-4AAE-8FFD-59EDAEA941B8}.Release|x86.ActiveCfg = Release|Win32
		{18822F9B-AD82-4AAE-8FFD-59EDAEA941B8}.Release|x86.Build.0 = Release|Win32
		{5C46D5C8-E022-455E-9EF4-098541CB636A}.Debug|x64.ActiveCfg = Debug|x64
		{5C46D5C8-E022-455E-9EF4-098541CB636A}.Debug|x64.Build.0 = Debug|x64
		{5C46D5C8-E022-455E-9EF4-098541CB636A}.Debug|x86.ActiveCfg = Debug|Win32
		{5C46D5C8-E022-455E-9EF4-098541CB636A}.Debug|x86.Build.0 = Debug|Win32
		{5C46D5C8-E022-455E-9EF4-098541CB636A}.Release|x64.ActiveCfg = Release|x64
		{5C46D5C8-E022-455E-9EF4-098541CB636A}.Release|x64.Build.0 = Release|x64
		{5C46D5C8-E022-455E-9EF4-098541CB636A}.Release|x86.ActiveCfg = Release|Win32
		{5C46D5C8-E022-455E-9EF4-098541CB636A}.Release|x86.Build.0 = Release|Win32
		{8514AF2D-8561-4C71-84FB-7B9ACB42D4DD}.Debug|x64.ActiveCfg = Debug|x64
		{8514AF2D-8561-4C71-84FB-7B9ACB42D4DD}.Debug|x64.Build.0 = Debug|x64
		{8514AF2D-8561-4C71-84FB-7B9ACB42D4DD}.Debug|x86.ActiveCfg = Debug|Win32
		{8514AF2D-8561-4C71-84FB-7B9ACB42D4DD}.Debug|x86.Build.0 = Debug|Win32
		{8514AF2D-8561-4C71-84FB-7B9ACB42D4DD}.Release|x64.ActiveCfg = Release|x64
		{8514AF2D-8561-4C71-84FB-7B9ACB42D4DD}.Release|x64.Build.0 = Release|x64
		{8514AF2D-8561-4C71-84FB-7B9ACB42D4DD}.Release|x86.ActiveCfg = Release|Win32
		{8514AF2D-8561-4C71-84FB-7B9ACB42D4DD}.Release|x86.Build.0 = Release|Win32
		{A22365AB-C9F0-490E-BF66-AF33CA0CA9F4}.Debug|x64.ActiveCfg = Debug|x64
		{A22365AB-C9F0-490E-BF66-AF33CA0CA9F4}.Debug|x64.Build.0 = Debug|x64
		{A22365AB-C9F0-490E-BF66-AF33CA0CA9F4}.Debug|x86.ActiveCfg = Debug|Win32
		{A22365AB-C9F0-490E-BF66-AF33CA0CA9F4}.Debug|x86.Build.0 = Debug|Win32
		{A22365AB-C9F0-490E-BF66-AF33CA0CA9F4}.Release|x64.ActiveCfg = Release|x64
		{A22365AB-C9F0-490E-BF66-AF33CA0CA9F4}.Release|x64.Build.0 = Release|x64
		{A22365AB-C9F0-490E-BF66-AF33CA0CA9F4}.Release|x86.ActiveCfg = Release|Win32
		{A22365AB-C9F0-490E-BF66-AF33CA0CA9F4}.Release|x86.Build.0 = Release|Win32
	EndGlobalSection
	GlobalSection(SolutionProperties) = preSolution
		HideSolutionNode = FALSE
	EndGlobalSection
	GlobalSection(ExtensibilityGlobals) = postSolution
		SolutionGuid = {DB1A3D21-DED8-4656-946F-948D9C69D617}
	EndGlobalSection
EndGlobal
