
Microsoft Visual Studio Solution File, Format Version 12.00
# Visual Studio Version 17
VisualStudioVersion = 17.4.33103.184
MinimumVisualStudioVersion = 10.0.40219.1
Project("{8BC9CEB8-8B4A-11D0-8D11-00A0C91BC942}") = "exam-01-01-hello", "exam-01-01-hello\exam-01-01-hello.vcxproj", "{05980871-76E7-4098-8BA7-66EE93C15B98}"
EndProject
Project("{8BC9CEB8-8B4A-11D0-8D11-00A0C91BC942}") = "exam-01-02-comment", "exam-01-02-comment\exam-01-02-comment.vcxproj", "{5E757D86-BBE8-47F9-9BF3-1A31DB6F5585}"
EndProject
Project("{8BC9CEB8-8B4A-11D0-8D11-00A0C91BC942}") = "exam-02-01-var", "exam-02-01-var\exam-02-01-var.vcxproj", "{7CA6C2AC-EDF5-4347-8C1E-10882244CB51}"
EndProject
Project("{8BC9CEB8-8B4A-11D0-8D11-00A0C91BC942}") = "exam-02-02-variable-type", "exam-02-02-variable-type\exam-02-02-variable-type.vcxproj", "{DAECEAEC-2644-4279-B74A-02CED8814AB3}"
EndProject
Project("{8BC9CEB8-8B4A-11D0-8D11-00A0C91BC942}") = "exam-02-03-literal", "exam-02-03-literal\exam-02-03-literal.vcxproj", "{27D7C372-B6D8-4B0C-9190-4F18296B86D9}"
EndProject
Project("{8BC9CEB8-8B4A-11D0-8D11-00A0C91BC942}") = "exam-02-04-cast", "exam-02-04-cast\exam-02-04-cast.vcxproj", "{00D5C918-03AC-42E5-B693-7E93C47D0D0A}"
EndProject
Project("{8BC9CEB8-8B4A-11D0-8D11-00A0C91BC942}") = "exam-03-01-data", "exam-03-01-data\exam-03-01-data.vcxproj", "{18822F9B-AD82-4AAE-8FFD-59EDAEA941B8}"
EndProject
Project("{8BC9CEB8-8B4A-11D0-8D11-00A0C91BC942}") = "exam-04-01-printf", "exam-04-01-printf\exam-04-01-printf.vcxproj", "{5C46D5C8-E022-455E-9EF4-098541CB636A}"
EndProject
Project("{8BC9CEB8-8B4A-11D0-8D11-00A0C91BC942}") = "exam-04-02-scanf", "exam-04-02-scanf\exam-04-02-scanf.vcxproj", "{8514AF2D-8561-4C71-84FB-7B9ACB42D4DD}"
EndProject
Project("{8BC9CEB8-8B4A-11D0-8D11-00A0C91BC942}") = "exam-05-01-operator", "exam-05-01-operator\exam-05-01-operator.vcxproj", "{A22365AB-C9F0-490E-BF66-AF33CA0CA9F4}"
EndProject
Project("{8BC9CEB8-8B4A-11D0-8D11-00A0C91BC942}") = "exam-06-01-operator2", "exam-06-01-operator2\exam-06-01-operator2.vcxproj", "{6396189B-5308-492C-8252-92974F4FAD35}"
EndProject
Project("{8BC9CEB8-8B4A-11D0-8D11-00A0C91BC942}") = "exam-07-01-conditional", "exam-07-01-conditional\exam-07-01-conditional.vcxproj", "{C0BDFE45-067E-40E3-BC08-F0437395EEAA}"
EndProject
Project("{8BC9CEB8-8B4A-11D0-8D11-00A0C91BC942}") = "exam-07-02-conditional2", "exam-07-02-conditional2\exam-07-02-conditional2.vcxproj", "{1CCE555F-D661-415F-B097-EE4F020CF314}"
EndProject
Project("{8BC9CEB8-8B4A-11D0-8D11-00A0C91BC942}") = "exam-08-01-loop", "exam-08-01-loop\exam-08-01-loop.vcxproj", "{A1A3F225-A929-4451-9FC7-812F3945A9FA}"
EndProject
Project("{8BC9CEB8-8B4A-11D0-8D11-00A0C91BC942}") = "exam-08-02-loop-do-while", "exam-08-02-loop-do-while\exam-08-02-loop-do-while.vcxproj", "{170F9CD1-FAB3-407D-B803-B41842A953A3}"
EndProject
Project("{8BC9CEB8-8B4A-11D0-8D11-00A0C91BC942}") = "exam-08-03-loop-for", "exam-08-03-loop-for\exam-08-03-loop-for.vcxproj", "{54F62BD7-9755-4C5B-B745-AC1779A39815}"
EndProject
Project("{8BC9CEB8-8B4A-11D0-8D11-00A0C91BC942}") = "exam-08-04-loop-break", "exam-08-04-loop-break\exam-08-04-loop-break.vcxproj", "{6B5EF2A6-3E42-4A2F-877B-B5BE590BD352}"
EndProject
Project("{8BC9CEB8-8B4A-11D0-8D11-00A0C91BC942}") = "exam-08-05-loop-continue", "exam-08-05-loop-continue\exam-08-05-loop-continue.vcxproj", "{91B25FC9-4131-4D06-8181-844F94336EE8}"
EndProject
Project("{8BC9CEB8-8B4A-11D0-8D11-00A0C91BC942}") = "exam-08-06-loop-homework", "exam-08-06-loop-homework\exam-08-06-loop-homework.vcxproj", "{BE8AFC4A-0915-44C6-B562-FB1C240C23B4}"
EndProject
Global
	GlobalSection(SolutionConfigurationPlatforms) = preSolution
		Debug|x64 = Debug|x64
		Debug|x86 = Debug|x86
		Release|x64 = Release|x64
		Release|x86 = Release|x86
	EndGlobalSection
	GlobalSection(ProjectConfigurationPlatforms) = postSolution
		{05980871-76E7-4098-8BA7-66EE93C15B98}.Debug|x64.ActiveCfg = Debug|x64
		{05980871-76E7-4098-8BA7-66EE93C15B98}.Debug|x64.Build.0 = Debug|x64
		{05980871-76E7-4098-8BA7-66EE93C15B98}.Debug|x86.ActiveCfg = Debug|Win32
		{05980871-76E7-4098-8BA7-66EE93C15B98}.Debug|x86.Build.0 = Debug|Win32
		{05980871-76E7-4098-8BA7-66EE93C15B98}.Release|x64.ActiveCfg = Release|x64
		{05980871-76E7-4098-8BA7-66EE93C15B98}.Release|x64.Build.0 = Release|x64
		{05980871-76E7-4098-8BA7-66EE93C15B98}.Release|x86.ActiveCfg = Release|Win32
		{05980871-76E7-4098-8BA7-66EE93C15B98}.Release|x86.Build.0 = Release|Win32
		{5E757D86-BBE8-47F9-9BF3-1A31DB6F5585}.Debug|x64.ActiveCfg = Debug|x64
		{5E757D86-BBE8-47F9-9BF3-1A31DB6F5585}.Debug|x64.Build.0 = Debug|x64
		{5E757D86-BBE8-47F9-9BF3-1A31DB6F5585}.Debug|x86.ActiveCfg = Debug|Win32
		{5E757D86-BBE8-47F9-9BF3-1A31DB6F5585}.Debug|x86.Build.0 = Debug|Win32
		{5E757D86-BBE8-47F9-9BF3-1A31DB6F5585}.Release|x64.ActiveCfg = Release|x64
		{5E757D86-BBE8-47F9-9BF3-1A31DB6F5585}.Release|x64.Build.0 = Release|x64
		{5E757D86-BBE8-47F9-9BF3-1A31DB6F5585}.Release|x86.ActiveCfg = Release|Win32
		{5E757D86-BBE8-47F9-9BF3-1A31DB6F5585}.Release|x86.Build.0 = Release|Win32
		{7CA6C2AC-EDF5-4347-8C1E-10882244CB51}.Debug|x64.ActiveCfg = Debug|x64
		{7CA6C2AC-EDF5-4347-8C1E-10882244CB51}.Debug|x64.Build.0 = Debug|x64
		{7CA6C2AC-EDF5-4347-8C1E-10882244CB51}.Debug|x86.ActiveCfg = Debug|Win32
		{7CA6C2AC-EDF5-4347-8C1E-10882244CB51}.Debug|x86.Build.0 = Debug|Win32
		{7CA6C2AC-EDF5-4347-8C1E-10882244CB51}.Release|x64.ActiveCfg = Release|x64
		{7CA6C2AC-EDF5-4347-8C1E-10882244CB51}.Release|x64.Build.0 = Release|x64
		{7CA6C2AC-EDF5-4347-8C1E-10882244CB51}.Release|x86.ActiveCfg = Release|Win32
		{7CA6C2AC-EDF5-4347-8C1E-10882244CB51}.Release|x86.Build.0 = Release|Win32
		{DAECEAEC-2644-4279-B74A-02CED8814AB3}.Debug|x64.ActiveCfg = Debug|x64
		{DAECEAEC-2644-4279-B74A-02CED8814AB3}.Debug|x64.Build.0 = Debug|x64
		{DAECEAEC-2644-4279-B74A-02CED8814AB3}.Debug|x86.ActiveCfg = Debug|Win32
		{DAECEAEC-2644-4279-B74A-02CED8814AB3}.Debug|x86.Build.0 = Debug|Win32
		{DAECEAEC-2644-4279-B74A-02CED8814AB3}.Release|x64.ActiveCfg = Release|x64
		{DAECEAEC-2644-4279-B74A-02CED8814AB3}.Release|x64.Build.0 = Release|x64
		{DAECEAEC-2644-4279-B74A-02CED8814AB3}.Release|x86.ActiveCfg = Release|Win32
		{DAECEAEC-2644-4279-B74A-02CED8814AB3}.Release|x86.Build.0 = Release|Win32
		{27D7C372-B6D8-4B0C-9190-4F18296B86D9}.Debug|x64.ActiveCfg = Debug|x64
		{27D7C372-B6D8-4B0C-9190-4F18296B86D9}.Debug|x64.Build.0 = Debug|x64
		{27D7C372-B6D8-4B0C-9190-4F18296B86D9}.Debug|x86.ActiveCfg = Debug|Win32
		{27D7C372-B6D8-4B0C-9190-4F18296B86D9}.Debug|x86.Build.0 = Debug|Win32
		{27D7C372-B6D8-4B0C-9190-4F18296B86D9}.Release|x64.ActiveCfg = Release|x64
		{27D7C372-B6D8-4B0C-9190-4F18296B86D9}.Release|x64.Build.0 = Release|x64
		{27D7C372-B6D8-4B0C-9190-4F18296B86D9}.Release|x86.ActiveCfg = Release|Win32
		{27D7C372-B6D8-4B0C-9190-4F18296B86D9}.Release|x86.Build.0 = Release|Win32
		{00D5C918-03AC-42E5-B693-7E93C47D0D0A}.Debug|x64.ActiveCfg = Debug|x64
		{00D5C918-03AC-42E5-B693-7E93C47D0D0A}.Debug|x64.Build.0 = Debug|x64
		{00D5C918-03AC-42E5-B693-7E93C47D0D0A}.Debug|x86.ActiveCfg = Debug|Win32
		{00D5C918-03AC-42E5-B693-7E93C47D0D0A}.Debug|x86.Build.0 = Debug|Win32
		{00D5C918-03AC-42E5-B693-7E93C47D0D0A}.Release|x64.ActiveCfg = Release|x64
		{00D5C918-03AC-42E5-B693-7E93C47D0D0A}.Release|x64.Build.0 = Release|x64
		{00D5C918-03AC-42E5-B693-7E93C47D0D0A}.Release|x86.ActiveCfg = Release|Win32
		{00D5C918-03AC-42E5-B693-7E93C47D0D0A}.Release|x86.Build.0 = Release|Win32
		{18822F9B-AD82-4AAE-8FFD-59EDAEA941B8}.Debug|x64.ActiveCfg = Debug|x64
		{18822F9B-AD82-4AAE-8FFD-59EDAEA941B8}.Debug|x64.Build.0 = Debug|x64
		{18822F9B-AD82-4AAE-8FFD-59EDAEA941B8}.Debug|x86.ActiveCfg = Debug|Win32
		{18822F9B-AD82-4AAE-8FFD-59EDAEA941B8}.Debug|x86.Build.0 = Debug|Win32
		{18822F9B-AD82-4AAE-8FFD-59EDAEA941B8}.Release|x64.ActiveCfg = Release|x64
		{18822F9B-AD82-4AAE-8FFD-59EDAEA941B8}.Release|x64.Build.0 = Release|x64
		{18822F9B-AD82-4AAE-8FFD-59EDAEA941B8}.Release|x86.ActiveCfg = Release|Win32
		{18822F9B-AD82-4AAE-8FFD-59EDAEA941B8}.Release|x86.Build.0 = Release|Win32
		{5C46D5C8-E022-455E-9EF4-098541CB636A}.Debug|x64.ActiveCfg = Debug|x64
		{5C46D5C8-E022-455E-9EF4-098541CB636A}.Debug|x64.Build.0 = Debug|x64
		{5C46D5C8-E022-455E-9EF4-098541CB636A}.Debug|x86.ActiveCfg = Debug|Win32
		{5C46D5C8-E022-455E-9EF4-098541CB636A}.Debug|x86.Build.0 = Debug|Win32
		{5C46D5C8-E022-455E-9EF4-098541CB636A}.Release|x64.ActiveCfg = Release|x64
		{5C46D5C8-E022-455E-9EF4-098541CB636A}.Release|x64.Build.0 = Release|x64
		{5C46D5C8-E022-455E-9EF4-098541CB636A}.Release|x86.ActiveCfg = Release|Win32
		{5C46D5C8-E022-455E-9EF4-098541CB636A}.Release|x86.Build.0 = Release|Win32
		{8514AF2D-8561-4C71-84FB-7B9ACB42D4DD}.Debug|x64.ActiveCfg = Debug|x64
		{8514AF2D-8561-4C71-84FB-7B9ACB42D4DD}.Debug|x64.Build.0 = Debug|x64
		{8514AF2D-8561-4C71-84FB-7B9ACB42D4DD}.Debug|x86.ActiveCfg = Debug|Win32
		{8514AF2D-8561-4C71-84FB-7B9ACB42D4DD}.Debug|x86.Build.0 = Debug|Win32
		{8514AF2D-8561-4C71-84FB-7B9ACB42D4DD}.Release|x64.ActiveCfg = Release|x64
		{8514AF2D-8561-4C71-84FB-7B9ACB42D4DD}.Release|x64.Build.0 = Release|x64
		{8514AF2D-8561-4C71-84FB-7B9ACB42D4DD}.Release|x86.ActiveCfg = Release|Win32
		{8514AF2D-8561-4C71-84FB-7B9ACB42D4DD}.Release|x86.Build.0 = Release|Win32
		{A22365AB-C9F0-490E-BF66-AF33CA0CA9F4}.Debug|x64.ActiveCfg = Debug|x64
		{A22365AB-C9F0-490E-BF66-AF33CA0CA9F4}.Debug|x64.Build.0 = Debug|x64
		{A22365AB-C9F0-490E-BF66-AF33CA0CA9F4}.Debug|x86.ActiveCfg = Debug|Win32
		{A22365AB-C9F0-490E-BF66-AF33CA0CA9F4}.Debug|x86.Build.0 = Debug|Win32
		{A22365AB-C9F0-490E-BF66-AF33CA0CA9F4}.Release|x64.ActiveCfg = Release|x64
		{A22365AB-C9F0-490E-BF66-AF33CA0CA9F4}.Release|x64.Build.0 = Release|x64
		{A22365AB-C9F0-490E-BF66-AF33CA0CA9F4}.Release|x86.ActiveCfg = Release|Win32
		{A22365AB-C9F0-490E-BF66-AF33CA0CA9F4}.Release|x86.Build.0 = Release|Win32
		{6396189B-5308-492C-8252-92974F4FAD35}.Debug|x64.ActiveCfg = Debug|x64
		{6396189B-5308-492C-8252-92974F4FAD35}.Debug|x64.Build.0 = Debug|x64
		{6396189B-5308-492C-8252-92974F4FAD35}.Debug|x86.ActiveCfg = Debug|Win32
		{6396189B-5308-492C-8252-92974F4FAD35}.Debug|x86.Build.0 = Debug|Win32
		{6396189B-5308-492C-8252-92974F4FAD35}.Release|x64.ActiveCfg = Release|x64
		{6396189B-5308-492C-8252-92974F4FAD35}.Release|x64.Build.0 = Release|x64
		{6396189B-5308-492C-8252-92974F4FAD35}.Release|x86.ActiveCfg = Release|Win32
		{6396189B-5308-492C-8252-92974F4FAD35}.Release|x86.Build.0 = Release|Win32
		{C0BDFE45-067E-40E3-BC08-F0437395EEAA}.Debug|x64.ActiveCfg = Debug|x64
		{C0BDFE45-067E-40E3-BC08-F0437395EEAA}.Debug|x64.Build.0 = Debug|x64
		{C0BDFE45-067E-40E3-BC08-F0437395EEAA}.Debug|x86.ActiveCfg = Debug|Win32
		{C0BDFE45-067E-40E3-BC08-F0437395EEAA}.Debug|x86.Build.0 = Debug|Win32
		{C0BDFE45-067E-40E3-BC08-F0437395EEAA}.Release|x64.ActiveCfg = Release|x64
		{C0BDFE45-067E-40E3-BC08-F0437395EEAA}.Release|x64.Build.0 = Release|x64
		{C0BDFE45-067E-40E3-BC08-F0437395EEAA}.Release|x86.ActiveCfg = Release|Win32
		{C0BDFE45-067E-40E3-BC08-F0437395EEAA}.Release|x86.Build.0 = Release|Win32
		{1CCE555F-D661-415F-B097-EE4F020CF314}.Debug|x64.ActiveCfg = Debug|x64
		{1CCE555F-D661-415F-B097-EE4F020CF314}.Debug|x64.Build.0 = Debug|x64
		{1CCE555F-D661-415F-B097-EE4F020CF314}.Debug|x86.ActiveCfg = Debug|Win32
		{1CCE555F-D661-415F-B097-EE4F020CF314}.Debug|x86.Build.0 = Debug|Win32
		{1CCE555F-D661-415F-B097-EE4F020CF314}.Release|x64.ActiveCfg = Release|x64
		{1CCE555F-D661-415F-B097-EE4F020CF314}.Release|x64.Build.0 = Release|x64
		{1CCE555F-D661-415F-B097-EE4F020CF314}.Release|x86.ActiveCfg = Release|Win32
		{1CCE555F-D661-415F-B097-EE4F020CF314}.Release|x86.Build.0 = Release|Win32
		{A1A3F225-A929-4451-9FC7-812F3945A9FA}.Debug|x64.ActiveCfg = Debug|x64
		{A1A3F225-A929-4451-9FC7-812F3945A9FA}.Debug|x64.Build.0 = Debug|x64
		{A1A3F225-A929-4451-9FC7-812F3945A9FA}.Debug|x86.ActiveCfg = Debug|Win32
		{A1A3F225-A929-4451-9FC7-812F3945A9FA}.Debug|x86.Build.0 = Debug|Win32
		{A1A3F225-A929-4451-9FC7-812F3945A9FA}.Release|x64.ActiveCfg = Release|x64
		{A1A3F225-A929-4451-9FC7-812F3945A9FA}.Release|x64.Build.0 = Release|x64
		{A1A3F225-A929-4451-9FC7-812F3945A9FA}.Release|x86.ActiveCfg = Release|Win32
		{A1A3F225-A929-4451-9FC7-812F3945A9FA}.Release|x86.Build.0 = Release|Win32
		{170F9CD1-FAB3-407D-B803-B41842A953A3}.Debug|x64.ActiveCfg = Debug|x64
		{170F9CD1-FAB3-407D-B803-B41842A953A3}.Debug|x64.Build.0 = Debug|x64
		{170F9CD1-FAB3-407D-B803-B41842A953A3}.Debug|x86.ActiveCfg = Debug|Win32
		{170F9CD1-FAB3-407D-B803-B41842A953A3}.Debug|x86.Build.0 = Debug|Win32
		{170F9CD1-FAB3-407D-B803-B41842A953A3}.Release|x64.ActiveCfg = Release|x64
		{170F9CD1-FAB3-407D-B803-B41842A953A3}.Release|x64.Build.0 = Release|x64
		{170F9CD1-FAB3-407D-B803-B41842A953A3}.Release|x86.ActiveCfg = Release|Win32
		{170F9CD1-FAB3-407D-B803-B41842A953A3}.Release|x86.Build.0 = Release|Win32
		{54F62BD7-9755-4C5B-B745-AC1779A39815}.Debug|x64.ActiveCfg = Debug|x64
		{54F62BD7-9755-4C5B-B745-AC1779A39815}.Debug|x64.Build.0 = Debug|x64
		{54F62BD7-9755-4C5B-B745-AC1779A39815}.Debug|x86.ActiveCfg = Debug|Win32
		{54F62BD7-9755-4C5B-B745-AC1779A39815}.Debug|x86.Build.0 = Debug|Win32
		{54F62BD7-9755-4C5B-B745-AC1779A39815}.Release|x64.ActiveCfg = Release|x64
		{54F62BD7-9755-4C5B-B745-AC1779A39815}.Release|x64.Build.0 = Release|x64
		{54F62BD7-9755-4C5B-B745-AC1779A39815}.Release|x86.ActiveCfg = Release|Win32
		{54F62BD7-9755-4C5B-B745-AC1779A39815}.Release|x86.Build.0 = Release|Win32
		{6B5EF2A6-3E42-4A2F-877B-B5BE590BD352}.Debug|x64.ActiveCfg = Debug|x64
		{6B5EF2A6-3E42-4A2F-877B-B5BE590BD352}.Debug|x64.Build.0 = Debug|x64
		{6B5EF2A6-3E42-4A2F-877B-B5BE590BD352}.Debug|x86.ActiveCfg = Debug|Win32
		{6B5EF2A6-3E42-4A2F-877B-B5BE590BD352}.Debug|x86.Build.0 = Debug|Win32
		{6B5EF2A6-3E42-4A2F-877B-B5BE590BD352}.Release|x64.ActiveCfg = Release|x64
		{6B5EF2A6-3E42-4A2F-877B-B5BE590BD352}.Release|x64.Build.0 = Release|x64
		{6B5EF2A6-3E42-4A2F-877B-B5BE590BD352}.Release|x86.ActiveCfg = Release|Win32
		{6B5EF2A6-3E42-4A2F-877B-B5BE590BD352}.Release|x86.Build.0 = Release|Win32
		{91B25FC9-4131-4D06-8181-844F94336EE8}.Debug|x64.ActiveCfg = Debug|x64
		{91B25FC9-4131-4D06-8181-844F94336EE8}.Debug|x64.Build.0 = Debug|x64
		{91B25FC9-4131-4D06-8181-844F94336EE8}.Debug|x86.ActiveCfg = Debug|Win32
		{91B25FC9-4131-4D06-8181-844F94336EE8}.Debug|x86.Build.0 = Debug|Win32
		{91B25FC9-4131-4D06-8181-844F94336EE8}.Release|x64.ActiveCfg = Release|x64
		{91B25FC9-4131-4D06-8181-844F94336EE8}.Release|x64.Build.0 = Release|x64
		{91B25FC9-4131-4D06-8181-844F94336EE8}.Release|x86.ActiveCfg = Release|Win32
		{91B25FC9-4131-4D06-8181-844F94336EE8}.Release|x86.Build.0 = Release|Win32
		{BE8AFC4A-0915-44C6-B562-FB1C240C23B4}.Debug|x64.ActiveCfg = Debug|x64
		{BE8AFC4A-0915-44C6-B562-FB1C240C23B4}.Debug|x64.Build.0 = Debug|x64
		{BE8AFC4A-0915-44C6-B562-FB1C240C23B4}.Debug|x86.ActiveCfg = Debug|Win32
		{BE8AFC4A-0915-44C6-B562-FB1C240C23B4}.Debug|x86.Build.0 = Debug|Win32
		{BE8AFC4A-0915-44C6-B562-FB1C240C23B4}.Release|x64.ActiveCfg = Release|x64
		{BE8AFC4A-0915-44C6-B562-FB1C240C23B4}.Release|x64.Build.0 = Release|x64
		{BE8AFC4A-0915-44C6-B562-FB1C240C23B4}.Release|x86.ActiveCfg = Release|Win32
		{BE8AFC4A-0915-44C6-B562-FB1C240C23B4}.Release|x86.Build.0 = Release|Win32
	EndGlobalSection
	GlobalSection(SolutionProperties) = preSolution
		HideSolutionNode = FALSE
	EndGlobalSection
	GlobalSection(ExtensibilityGlobals) = postSolution
		SolutionGuid = {DB1A3D21-DED8-4656-946F-948D9C69D617}
	EndGlobalSection
EndGlobal
