
Microsoft Visual Studio Solution File, Format Version 12.00
# Visual Studio Version 17
VisualStudioVersion = 17.4.33103.184
MinimumVisualStudioVersion = 10.0.40219.1
Project("{8BC9CEB8-8B4A-11D0-8D11-00A0C91BC942}") = "exam-01-01-hello", "exam-01-01-hello\exam-01-01-hello.vcxproj", "{05980871-76E7-4098-8BA7-66EE93C15B98}"
EndProject
Project("{8BC9CEB8-8B4A-11D0-8D11-00A0C91BC942}") = "exam-01-02-comment", "exam-01-02-comment\exam-01-02-comment.vcxproj", "{5E757D86-BBE8-47F9-9BF3-1A31DB6F5585}"
EndProject
Project("{8BC9CEB8-8B4A-11D0-8D11-00A0C91BC942}") = "exam-02-01-var", "exam-02-01-var\exam-02-01-var.vcxproj", "{7CA6C2AC-EDF5-4347-8C1E-10882244CB51}"
EndProject
Project("{8BC9CEB8-8B4A-11D0-8D11-00A0C91BC942}") = "exam-02-02-variable-type", "exam-02-02-variable-type\exam-02-02-variable-type.vcxproj", "{DAECEAEC-2644-4279-B74A-02CED8814AB3}"
EndProject
Project("{8BC9CEB8-8B4A-11D0-8D11-00A0C91BC942}") = "exam-02-03-literal", "exam-02-03-literal\exam-02-03-literal.vcxproj", "{27D7C372-B6D8-4B0C-9190-4F18296B86D9}"
EndProject
Project("{8BC9CEB8-8B4A-11D0-8D11-00A0C91BC942}") = "exam-02-04-cast", "exam-02-04-cast\exam-02-04-cast.vcxproj", "{00D5C918-03AC-42E5-B693-7E93C47D0D0A}"
EndProject
Project("{8BC9CEB8-8B4A-11D0-8D11-00A0C91BC942}") = "exam-03-01-data", "exam-03-01-data\exam-03-01-data.vcxproj", "{18822F9B-AD82-4AAE-8FFD-59EDAEA941B8}"
EndProject
Project("{8BC9CEB8-8B4A-11D0-8D11-00A0C91BC942}") = "exam-04-01-printf", "exam-04-01-printf\exam-04-01-printf.vcxproj", "{5C46D5C8-E022-455E-9EF4-098541CB636A}"
EndProject
Project("{8BC9CEB8-8B4A-11D0-8D11-00A0C91BC942}") = "exam-04-02-scanf", "exam-04-02-scanf\exam-04-02-scanf.vcxproj", "{8514AF2D-8561-4C71-84FB-7B9ACB42D4DD}"
EndProject
Project("{8BC9CEB8-8B4A-11D0-8D11-00A0C91BC942}") = "exam-05-01-operator", "exam-05-01-operator\exam-05-01-operator.vcxproj", "{A22365AB-C9F0-490E-BF66-AF33CA0CA9F4}"
EndProject
Project("{8BC9CEB8-8B4A-11D0-8D11-00A0C91BC942}") = "exam-06-01-operator2", "exam-06-01-operator2\exam-06-01-operator2.vcxproj", "{6396189B-5308-492C-8252-92974F4FAD35}"
EndProject
Project("{8BC9CEB8-8B4A-11D0-8D11-00A0C91BC942}") = "exam-07-01-conditional", "exam-07-01-conditional\exam-07-01-conditional.vcxproj", "{C0BDFE45-067E-40E3-BC08-F0437395EEAA}"
EndProject
Project("{8BC9CEB8-8B4A-11D0-8D11-00A0C91BC942}") = "exam-07-02-conditional2", "exam-07-02-conditional2\exam-07-02-conditional2.vcxproj", "{1CCE555F-D661-415F-B097-EE4F020CF314}"
EndProject
Project("{8BC9CEB8-8B4A-11D0-8D11-00A0C91BC942}") = "exam-08-01-loop", "exam-08-01-loop\exam-08-01-loop.vcxproj", "{A1A3F225-A929-4451-9FC7-812F3945A9FA}"
EndProject
Project("{8BC9CEB8-8B4A-11D0-8D11-00A0C91BC942}") = "exam-08-02-loop-do-while", "exam-08-02-loop-do-while\exam-08-02-loop-do-while.vcxproj", "{170F9CD1-FAB3-407D-B803-B41842A953A3}"
EndProject
Project("{8BC9CEB8-8B4A-11D0-8D11-00A0C91BC942}") = "exam-08-03-loop-for", "exam-08-03-loop-for\exam-08-03-loop-for.vcxproj", "{54F62BD7-9755-4C5B-B745-AC1779A39815}"
EndProject
Project("{8BC9CEB8-8B4A-11D0-8D11-00A0C91BC942}") = "exam-08-04-loop-break", "exam-08-04-loop-break\exam-08-04-loop-break.vcxproj", "{6B5EF2A6-3E42-4A2F-877B-B5BE590BD352}"
EndProject
Project("{8BC9CEB8-8B4A-11D0-8D11-00A0C91BC942}") = "exam-08-05-loop-continue", "exam-08-05-loop-continue\exam-08-05-loop-continue.vcxproj", "{91B25FC9-4131-4D06-8181-844F94336EE8}"
EndProject
Project("{8BC9CEB8-8B4A-11D0-8D11-00A0C91BC942}") = "exam-08-06-loop-homework", "exam-08-06-loop-homework\exam-08-06-loop-homework.vcxproj", "{BE8AFC4A-0915-44C6-B562-FB1C240C23B4}"
EndProject
Project("{8BC9CEB8-8B4A-11D0-8D11-00A0C91BC942}") = "exam-09-01-array", "exam-09-01-array\exam-09-01-array.vcxproj", "{A2F62C6E-6E97-4CF9-AD20-3558826BB6EF}"
EndProject
Project("{8BC9CEB8-8B4A-11D0-8D11-00A0C91BC942}") = "exam-12-01-array2d", "exam-12-01-array2d\exam-12-01-array2d.vcxproj", "{0A6C379A-6C88-46F4-A019-84CE6995DA8B}"
EndProject
Project("{8BC9CEB8-8B4A-11D0-8D11-00A0C91BC942}") = "exam-12-02-array3d", "exam-12-02-array3d\exam-12-02-array3d.vcxproj", "{C98406E8-D044-479D-A70F-AE484092150E}"
EndProject
Project("{8BC9CEB8-8B4A-11D0-8D11-00A0C91BC942}") = "exam-12-03-homework", "exam-12-03-homework\exam-12-03-homework.vcxproj", "{8F74E523-239D-4293-B08D-0DB20E05567E}"
EndProject
Project("{8BC9CEB8-8B4A-11D0-8D11-00A0C91BC942}") = "exam-10-01-pointer", "exam-10-01-pointer\exam-10-01-pointer.vcxproj", "{9DC18D05-B43F-4934-9B14-FC842A905220}"
EndProject
Project("{8BC9CEB8-8B4A-11D0-8D11-00A0C91BC942}") = "exam-11-01-arrayAndPointer", "exam-11-01-arrayAndPointer\exam-11-01-arrayAndPointer.vcxproj", "{1146A1A0-5FC0-47D7-9E24-E063F58DFB7B}"
EndProject
Project("{8BC9CEB8-8B4A-11D0-8D11-00A0C91BC942}") = "exam-11-02-arrayAndPointer2", "exam-11-02-arrayAndPointer2\exam-11-02-arrayAndPointer2.vcxproj", "{8D2FC085-54EC-478C-BABE-97CDC087FBC2}"
EndProject
Project("{8BC9CEB8-8B4A-11D0-8D11-00A0C91BC942}") = "exam-12-04-array-pointer", "exam-12-04-array-pointer\exam-12-04-array-pointer.vcxproj", "{E6FCDCF9-32D0-4CBB-9F47-65803020518F}"
EndProject
Project("{8BC9CEB8-8B4A-11D0-8D11-00A0C91BC942}") = "exam-13-01-string", "exam-13-01-string\exam-13-01-string.vcxproj", "{E33E755F-E0A3-46A6-B9FF-64EA1856FAEC}"
EndProject
Project("{8BC9CEB8-8B4A-11D0-8D11-00A0C91BC942}") = "exam-13-02-char-function", "exam-13-02-char-function\exam-13-02-char-function.vcxproj", "{C21AE878-C481-4BE7-8674-46D5C5400A48}"
EndProject
Project("{8BC9CEB8-8B4A-11D0-8D11-00A0C91BC942}") = "exam-13-03-eof", "exam-13-03-eof\exam-13-03-eof.vcxproj", "{60218E84-12A3-469E-9F20-C932D5D932BC}"
EndProject
Project("{8BC9CEB8-8B4A-11D0-8D11-00A0C91BC942}") = "exam-13-04-gets-puts", "exam-13-04-gets-puts\exam-13-04-gets-puts.vcxproj", "{54B9CE1D-EF76-46CF-A57F-089D12C11FC9}"
EndProject
Project("{8BC9CEB8-8B4A-11D0-8D11-00A0C91BC942}") = "exam-13-05-string-function", "exam-13-05-string-function\exam-13-05-string-function.vcxproj", "{0CE13329-E088-49B9-B192-281FDDE0004C}"
EndProject
Project("{8BC9CEB8-8B4A-11D0-8D11-00A0C91BC942}") = "exam-13-06-string-function2", "exam-13-06-string-function2\exam-13-06-string-function2.vcxproj", "{8211991A-C440-433D-8EF7-44BF6F2668C8}"
EndProject
Project("{8BC9CEB8-8B4A-11D0-8D11-00A0C91BC942}") = "exam-14-01-memory-area", "exam-14-01-memory-area\exam-14-01-memory-area.vcxproj", "{51CA4F0C-BC1D-424F-B161-FABFAB8524F0}"
EndProject
Project("{8BC9CEB8-8B4A-11D0-8D11-00A0C91BC942}") = "exam-15-01-function", "exam-15-01-function\exam-15-01-function.vcxproj", "{51448154-D70C-41E8-AA70-0D8C14EE38E0}"
EndProject
Project("{8BC9CEB8-8B4A-11D0-8D11-00A0C91BC942}") = "exam-15-02-function2", "exam-15-02-function2\exam-15-02-function2.vcxproj", "{C7162583-04ED-45D8-AFCC-5CABD0F00461}"
EndProject
Project("{8BC9CEB8-8B4A-11D0-8D11-00A0C91BC942}") = "exam-15-03-function3", "exam-15-03-function3\exam-15-03-function3.vcxproj", "{A763998D-EF5F-4D97-BFB8-86064CE118C3}"
EndProject
Project("{8BC9CEB8-8B4A-11D0-8D11-00A0C91BC942}") = "exam-15-04-function4", "exam-15-04-function4\exam-15-04-function4.vcxproj", "{9AF878E3-3468-4A11-9216-89616F6D3F2F}"
EndProject
Project("{8BC9CEB8-8B4A-11D0-8D11-00A0C91BC942}") = "exam-15-05-local", "exam-15-05-local\exam-15-05-local.vcxproj", "{7649EBA9-260A-41DB-B61E-0452F9B1D714}"
EndProject
Project("{8BC9CEB8-8B4A-11D0-8D11-00A0C91BC942}") = "exam-15-06-global", "exam-15-06-global\exam-15-06-global.vcxproj", "{A42E45ED-C619-41CB-8B99-3C8486F0D532}"
EndProject
Project("{8BC9CEB8-8B4A-11D0-8D11-00A0C91BC942}") = "exam-15-07-static", "exam-15-07-static\exam-15-07-static.vcxproj", "{6198EA68-E89D-419B-A77F-298C0342E8D3}"
EndProject
Project("{8BC9CEB8-8B4A-11D0-8D11-00A0C91BC942}") = "exam-16-01-function-array", "exam-16-01-function-array\exam-16-01-function-array.vcxproj", "{36E9F4B3-7202-4F82-9B83-012881E004FA}"
EndProject
Project("{8BC9CEB8-8B4A-11D0-8D11-00A0C91BC942}") = "exam-16-02-function-array2", "exam-16-02-function-array2\exam-16-02-function-array2.vcxproj", "{ED2A7142-262C-4A54-B9F7-904E159E19D7}"
EndProject
Project("{8BC9CEB8-8B4A-11D0-8D11-00A0C91BC942}") = "exam-16-03-call-by-value", "exam-16-03-call-by-value\exam-16-03-call-by-value.vcxproj", "{C0965512-BC4E-4D71-A50C-D67A794BD130}"
EndProject
Project("{8BC9CEB8-8B4A-11D0-8D11-00A0C91BC942}") = "exam-16-04-call-by-reference", "exam-16-04-call-by-reference\exam-16-04-call-by-reference.vcxproj", "{A097190A-4549-49E0-B09D-EBB603CB0C8D}"
EndProject
Project("{8BC9CEB8-8B4A-11D0-8D11-00A0C91BC942}") = "exam-16-05-recursize-function", "exam-16-05-recursize-function\exam-16-05-recursize-function.vcxproj", "{FD914CB3-66B6-418E-92A0-A0D98E90E911}"
EndProject
Project("{8BC9CEB8-8B4A-11D0-8D11-00A0C91BC942}") = "exam-16-06-recursize-function2", "exam-16-06-recursize-function2\exam-16-06-recursize-function2.vcxproj", "{55CB5D6B-6DA4-497E-80C6-9F227DBBDA38}"
EndProject
Project("{8BC9CEB8-8B4A-11D0-8D11-00A0C91BC942}") = "exam-17-01-double-pointer", "exam-17-01-double-pointer\exam-17-01-double-pointer.vcxproj", "{253FE1A4-43E6-4138-A8AA-ADACD8AF96FD}"
EndProject
Project("{8BC9CEB8-8B4A-11D0-8D11-00A0C91BC942}") = "exam-17-02-double-pointer2", "exam-17-02-double-pointer2\exam-17-02-double-pointer2.vcxproj", "{92F56487-D656-459F-8523-048107DFA1CE}"
EndProject
Project("{8BC9CEB8-8B4A-11D0-8D11-00A0C91BC942}") = "exam-17-03-multiple-pointer", "exam-17-03-multiple-pointer\exam-17-03-multiple-pointer.vcxproj", "{4E01F580-EF51-4E4C-A7D7-E36725FAE51D}"
EndProject
Project("{8BC9CEB8-8B4A-11D0-8D11-00A0C91BC942}") = "exam-17-04-function-pointer", "exam-17-04-function-pointer\exam-17-04-function-pointer.vcxproj", "{F2A75C2D-B957-4A49-8395-B83CC28AB0BC}"
EndProject
Project("{8BC9CEB8-8B4A-11D0-8D11-00A0C91BC942}") = "exam-18-01-why-heap", "exam-18-01-why-heap\exam-18-01-why-heap.vcxproj", "{C6419F8A-75B0-42C5-9468-ADD875794639}"
EndProject
Project("{8BC9CEB8-8B4A-11D0-8D11-00A0C91BC942}") = "exam-18-02-malloc", "exam-18-02-malloc\exam-18-02-malloc.vcxproj", "{6C9A7CA2-0010-49DA-9338-D5064907D221}"
EndProject
Project("{8BC9CEB8-8B4A-11D0-8D11-00A0C91BC942}") = "exam-18-03-why-heap-malloc", "exam-18-03-why-heap-malloc\exam-18-03-why-heap-malloc.vcxproj", "{4F30D327-3C55-4B11-BED7-656F81EBBD91}"
EndProject
Project("{8BC9CEB8-8B4A-11D0-8D11-00A0C91BC942}") = "exam-18-04-calloc-realloc", "exam-18-04-calloc-realloc\exam-18-04-calloc-realloc.vcxproj", "{8CA47E45-F7A7-4BF9-B811-8D3F4AB15F90}"
EndProject
Project("{8BC9CEB8-8B4A-11D0-8D11-00A0C91BC942}") = "exam-19-01-structure", "exam-19-01-structure\exam-19-01-structure.vcxproj", "{968B6FA0-5D14-4822-A809-9D60D0310A61}"
EndProject
Project("{8BC9CEB8-8B4A-11D0-8D11-00A0C91BC942}") = "exam-19-02-structure-init", "exam-19-02-structure-init\exam-19-02-structure-init.vcxproj", "{DD345366-C943-4B5F-8E16-168FB0C5FFA5}"
EndProject
Project("{8BC9CEB8-8B4A-11D0-8D11-00A0C91BC942}") = "exam-19-03-strcuture-array", "exam-19-03-strcuture-array\exam-19-03-strcuture-array.vcxproj", "{BE35E862-3C6C-4628-A19E-7308FCE22E25}"
EndProject
Project("{8BC9CEB8-8B4A-11D0-8D11-00A0C91BC942}") = "exam-19-04-typedef", "exam-19-04-typedef\exam-19-04-typedef.vcxproj", "{F1327876-7BC5-4E3F-8F48-8A2DFBE2EBE8}"
EndProject
Project("{8BC9CEB8-8B4A-11D0-8D11-00A0C91BC942}") = "exam-19-05-structure-typedef", "exam-19-05-structure-typedef\exam-19-05-structure-typedef.vcxproj", "{D03B6F46-821B-4BAD-8059-966E3012D4B4}"
EndProject
Global
	GlobalSection(SolutionConfigurationPlatforms) = preSolution
		Debug|x64 = Debug|x64
		Debug|x86 = Debug|x86
		Release|x64 = Release|x64
		Release|x86 = Release|x86
	EndGlobalSection
	GlobalSection(ProjectConfigurationPlatforms) = postSolution
		{05980871-76E7-4098-8BA7-66EE93C15B98}.Debug|x64.ActiveCfg = Debug|x64
		{05980871-76E7-4098-8BA7-66EE93C15B98}.Debug|x64.Build.0 = Debug|x64
		{05980871-76E7-4098-8BA7-66EE93C15B98}.Debug|x86.ActiveCfg = Debug|Win32
		{05980871-76E7-4098-8BA7-66EE93C15B98}.Debug|x86.Build.0 = Debug|Win32
		{05980871-76E7-4098-8BA7-66EE93C15B98}.Release|x64.ActiveCfg = Release|x64
		{05980871-76E7-4098-8BA7-66EE93C15B98}.Release|x64.Build.0 = Release|x64
		{05980871-76E7-4098-8BA7-66EE93C15B98}.Release|x86.ActiveCfg = Release|Win32
		{05980871-76E7-4098-8BA7-66EE93C15B98}.Release|x86.Build.0 = Release|Win32
		{5E757D86-BBE8-47F9-9BF3-1A31DB6F5585}.Debug|x64.ActiveCfg = Debug|x64
		{5E757D86-BBE8-47F9-9BF3-1A31DB6F5585}.Debug|x64.Build.0 = Debug|x64
		{5E757D86-BBE8-47F9-9BF3-1A31DB6F5585}.Debug|x86.ActiveCfg = Debug|Win32
		{5E757D86-BBE8-47F9-9BF3-1A31DB6F5585}.Debug|x86.Build.0 = Debug|Win32
		{5E757D86-BBE8-47F9-9BF3-1A31DB6F5585}.Release|x64.ActiveCfg = Release|x64
		{5E757D86-BBE8-47F9-9BF3-1A31DB6F5585}.Release|x64.Build.0 = Release|x64
		{5E757D86-BBE8-47F9-9BF3-1A31DB6F5585}.Release|x86.ActiveCfg = Release|Win32
		{5E757D86-BBE8-47F9-9BF3-1A31DB6F5585}.Release|x86.Build.0 = Release|Win32
		{7CA6C2AC-EDF5-4347-8C1E-10882244CB51}.Debug|x64.ActiveCfg = Debug|x64
		{7CA6C2AC-EDF5-4347-8C1E-10882244CB51}.Debug|x64.Build.0 = Debug|x64
		{7CA6C2AC-EDF5-4347-8C1E-10882244CB51}.Debug|x86.ActiveCfg = Debug|Win32
		{7CA6C2AC-EDF5-4347-8C1E-10882244CB51}.Debug|x86.Build.0 = Debug|Win32
		{7CA6C2AC-EDF5-4347-8C1E-10882244CB51}.Release|x64.ActiveCfg = Release|x64
		{7CA6C2AC-EDF5-4347-8C1E-10882244CB51}.Release|x64.Build.0 = Release|x64
		{7CA6C2AC-EDF5-4347-8C1E-10882244CB51}.Release|x86.ActiveCfg = Release|Win32
		{7CA6C2AC-EDF5-4347-8C1E-10882244CB51}.Release|x86.Build.0 = Release|Win32
		{DAECEAEC-2644-4279-B74A-02CED8814AB3}.Debug|x64.ActiveCfg = Debug|x64
		{DAECEAEC-2644-4279-B74A-02CED8814AB3}.Debug|x64.Build.0 = Debug|x64
		{DAECEAEC-2644-4279-B74A-02CED8814AB3}.Debug|x86.ActiveCfg = Debug|Win32
		{DAECEAEC-2644-4279-B74A-02CED8814AB3}.Debug|x86.Build.0 = Debug|Win32
		{DAECEAEC-2644-4279-B74A-02CED8814AB3}.Release|x64.ActiveCfg = Release|x64
		{DAECEAEC-2644-4279-B74A-02CED8814AB3}.Release|x64.Build.0 = Release|x64
		{DAECEAEC-2644-4279-B74A-02CED8814AB3}.Release|x86.ActiveCfg = Release|Win32
		{DAECEAEC-2644-4279-B74A-02CED8814AB3}.Release|x86.Build.0 = Release|Win32
		{27D7C372-B6D8-4B0C-9190-4F18296B86D9}.Debug|x64.ActiveCfg = Debug|x64
		{27D7C372-B6D8-4B0C-9190-4F18296B86D9}.Debug|x64.Build.0 = Debug|x64
		{27D7C372-B6D8-4B0C-9190-4F18296B86D9}.Debug|x86.ActiveCfg = Debug|Win32
		{27D7C372-B6D8-4B0C-9190-4F18296B86D9}.Debug|x86.Build.0 = Debug|Win32
		{27D7C372-B6D8-4B0C-9190-4F18296B86D9}.Release|x64.ActiveCfg = Release|x64
		{27D7C372-B6D8-4B0C-9190-4F18296B86D9}.Release|x64.Build.0 = Release|x64
		{27D7C372-B6D8-4B0C-9190-4F18296B86D9}.Release|x86.ActiveCfg = Release|Win32
		{27D7C372-B6D8-4B0C-9190-4F18296B86D9}.Release|x86.Build.0 = Release|Win32
		{00D5C918-03AC-42E5-B693-7E93C47D0D0A}.Debug|x64.ActiveCfg = Debug|x64
		{00D5C918-03AC-42E5-B693-7E93C47D0D0A}.Debug|x64.Build.0 = Debug|x64
		{00D5C918-03AC-42E5-B693-7E93C47D0D0A}.Debug|x86.ActiveCfg = Debug|Win32
		{00D5C918-03AC-42E5-B693-7E93C47D0D0A}.Debug|x86.Build.0 = Debug|Win32
		{00D5C918-03AC-42E5-B693-7E93C47D0D0A}.Release|x64.ActiveCfg = Release|x64
		{00D5C918-03AC-42E5-B693-7E93C47D0D0A}.Release|x64.Build.0 = Release|x64
		{00D5C918-03AC-42E5-B693-7E93C47D0D0A}.Release|x86.ActiveCfg = Release|Win32
		{00D5C918-03AC-42E5-B693-7E93C47D0D0A}.Release|x86.Build.0 = Release|Win32
		{18822F9B-AD82-4AAE-8FFD-59EDAEA941B8}.Debug|x64.ActiveCfg = Debug|x64
		{18822F9B-AD82-4AAE-8FFD-59EDAEA941B8}.Debug|x64.Build.0 = Debug|x64
		{18822F9B-AD82-4AAE-8FFD-59EDAEA941B8}.Debug|x86.ActiveCfg = Debug|Win32
		{18822F9B-AD82-4AAE-8FFD-59EDAEA941B8}.Debug|x86.Build.0 = Debug|Win32
		{18822F9B-AD82-4AAE-8FFD-59EDAEA941B8}.Release|x64.ActiveCfg = Release|x64
		{18822F9B-AD82-4AAE-8FFD-59EDAEA941B8}.Release|x64.Build.0 = Release|x64
		{18822F9B-AD82-4AAE-8FFD-59EDAEA941B8}.Release|x86.ActiveCfg = Release|Win32
		{18822F9B-AD82-4AAE-8FFD-59EDAEA941B8}.Release|x86.Build.0 = Release|Win32
		{5C46D5C8-E022-455E-9EF4-098541CB636A}.Debug|x64.ActiveCfg = Debug|x64
		{5C46D5C8-E022-455E-9EF4-098541CB636A}.Debug|x64.Build.0 = Debug|x64
		{5C46D5C8-E022-455E-9EF4-098541CB636A}.Debug|x86.ActiveCfg = Debug|Win32
		{5C46D5C8-E022-455E-9EF4-098541CB636A}.Debug|x86.Build.0 = Debug|Win32
		{5C46D5C8-E022-455E-9EF4-098541CB636A}.Release|x64.ActiveCfg = Release|x64
		{5C46D5C8-E022-455E-9EF4-098541CB636A}.Release|x64.Build.0 = Release|x64
		{5C46D5C8-E022-455E-9EF4-098541CB636A}.Release|x86.ActiveCfg = Release|Win32
		{5C46D5C8-E022-455E-9EF4-098541CB636A}.Release|x86.Build.0 = Release|Win32
		{8514AF2D-8561-4C71-84FB-7B9ACB42D4DD}.Debug|x64.ActiveCfg = Debug|x64
		{8514AF2D-8561-4C71-84FB-7B9ACB42D4DD}.Debug|x64.Build.0 = Debug|x64
		{8514AF2D-8561-4C71-84FB-7B9ACB42D4DD}.Debug|x86.ActiveCfg = Debug|Win32
		{8514AF2D-8561-4C71-84FB-7B9ACB42D4DD}.Debug|x86.Build.0 = Debug|Win32
		{8514AF2D-8561-4C71-84FB-7B9ACB42D4DD}.Release|x64.ActiveCfg = Release|x64
		{8514AF2D-8561-4C71-84FB-7B9ACB42D4DD}.Release|x64.Build.0 = Release|x64
		{8514AF2D-8561-4C71-84FB-7B9ACB42D4DD}.Release|x86.ActiveCfg = Release|Win32
		{8514AF2D-8561-4C71-84FB-7B9ACB42D4DD}.Release|x86.Build.0 = Release|Win32
		{A22365AB-C9F0-490E-BF66-AF33CA0CA9F4}.Debug|x64.ActiveCfg = Debug|x64
		{A22365AB-C9F0-490E-BF66-AF33CA0CA9F4}.Debug|x64.Build.0 = Debug|x64
		{A22365AB-C9F0-490E-BF66-AF33CA0CA9F4}.Debug|x86.ActiveCfg = Debug|Win32
		{A22365AB-C9F0-490E-BF66-AF33CA0CA9F4}.Debug|x86.Build.0 = Debug|Win32
		{A22365AB-C9F0-490E-BF66-AF33CA0CA9F4}.Release|x64.ActiveCfg = Release|x64
		{A22365AB-C9F0-490E-BF66-AF33CA0CA9F4}.Release|x64.Build.0 = Release|x64
		{A22365AB-C9F0-490E-BF66-AF33CA0CA9F4}.Release|x86.ActiveCfg = Release|Win32
		{A22365AB-C9F0-490E-BF66-AF33CA0CA9F4}.Release|x86.Build.0 = Release|Win32
		{6396189B-5308-492C-8252-92974F4FAD35}.Debug|x64.ActiveCfg = Debug|x64
		{6396189B-5308-492C-8252-92974F4FAD35}.Debug|x64.Build.0 = Debug|x64
		{6396189B-5308-492C-8252-92974F4FAD35}.Debug|x86.ActiveCfg = Debug|Win32
		{6396189B-5308-492C-8252-92974F4FAD35}.Debug|x86.Build.0 = Debug|Win32
		{6396189B-5308-492C-8252-92974F4FAD35}.Release|x64.ActiveCfg = Release|x64
		{6396189B-5308-492C-8252-92974F4FAD35}.Release|x64.Build.0 = Release|x64
		{6396189B-5308-492C-8252-92974F4FAD35}.Release|x86.ActiveCfg = Release|Win32
		{6396189B-5308-492C-8252-92974F4FAD35}.Release|x86.Build.0 = Release|Win32
		{C0BDFE45-067E-40E3-BC08-F0437395EEAA}.Debug|x64.ActiveCfg = Debug|x64
		{C0BDFE45-067E-40E3-BC08-F0437395EEAA}.Debug|x64.Build.0 = Debug|x64
		{C0BDFE45-067E-40E3-BC08-F0437395EEAA}.Debug|x86.ActiveCfg = Debug|Win32
		{C0BDFE45-067E-40E3-BC08-F0437395EEAA}.Debug|x86.Build.0 = Debug|Win32
		{C0BDFE45-067E-40E3-BC08-F0437395EEAA}.Release|x64.ActiveCfg = Release|x64
		{C0BDFE45-067E-40E3-BC08-F0437395EEAA}.Release|x64.Build.0 = Release|x64
		{C0BDFE45-067E-40E3-BC08-F0437395EEAA}.Release|x86.ActiveCfg = Release|Win32
		{C0BDFE45-067E-40E3-BC08-F0437395EEAA}.Release|x86.Build.0 = Release|Win32
		{1CCE555F-D661-415F-B097-EE4F020CF314}.Debug|x64.ActiveCfg = Debug|x64
		{1CCE555F-D661-415F-B097-EE4F020CF314}.Debug|x64.Build.0 = Debug|x64
		{1CCE555F-D661-415F-B097-EE4F020CF314}.Debug|x86.ActiveCfg = Debug|Win32
		{1CCE555F-D661-415F-B097-EE4F020CF314}.Debug|x86.Build.0 = Debug|Win32
		{1CCE555F-D661-415F-B097-EE4F020CF314}.Release|x64.ActiveCfg = Release|x64
		{1CCE555F-D661-415F-B097-EE4F020CF314}.Release|x64.Build.0 = Release|x64
		{1CCE555F-D661-415F-B097-EE4F020CF314}.Release|x86.ActiveCfg = Release|Win32
		{1CCE555F-D661-415F-B097-EE4F020CF314}.Release|x86.Build.0 = Release|Win32
		{A1A3F225-A929-4451-9FC7-812F3945A9FA}.Debug|x64.ActiveCfg = Debug|x64
		{A1A3F225-A929-4451-9FC7-812F3945A9FA}.Debug|x64.Build.0 = Debug|x64
		{A1A3F225-A929-4451-9FC7-812F3945A9FA}.Debug|x86.ActiveCfg = Debug|Win32
		{A1A3F225-A929-4451-9FC7-812F3945A9FA}.Debug|x86.Build.0 = Debug|Win32
		{A1A3F225-A929-4451-9FC7-812F3945A9FA}.Release|x64.ActiveCfg = Release|x64
		{A1A3F225-A929-4451-9FC7-812F3945A9FA}.Release|x64.Build.0 = Release|x64
		{A1A3F225-A929-4451-9FC7-812F3945A9FA}.Release|x86.ActiveCfg = Release|Win32
		{A1A3F225-A929-4451-9FC7-812F3945A9FA}.Release|x86.Build.0 = Release|Win32
		{170F9CD1-FAB3-407D-B803-B41842A953A3}.Debug|x64.ActiveCfg = Debug|x64
		{170F9CD1-FAB3-407D-B803-B41842A953A3}.Debug|x64.Build.0 = Debug|x64
		{170F9CD1-FAB3-407D-B803-B41842A953A3}.Debug|x86.ActiveCfg = Debug|Win32
		{170F9CD1-FAB3-407D-B803-B41842A953A3}.Debug|x86.Build.0 = Debug|Win32
		{170F9CD1-FAB3-407D-B803-B41842A953A3}.Release|x64.ActiveCfg = Release|x64
		{170F9CD1-FAB3-407D-B803-B41842A953A3}.Release|x64.Build.0 = Release|x64
		{170F9CD1-FAB3-407D-B803-B41842A953A3}.Release|x86.ActiveCfg = Release|Win32
		{170F9CD1-FAB3-407D-B803-B41842A953A3}.Release|x86.Build.0 = Release|Win32
		{54F62BD7-9755-4C5B-B745-AC1779A39815}.Debug|x64.ActiveCfg = Debug|x64
		{54F62BD7-9755-4C5B-B745-AC1779A39815}.Debug|x64.Build.0 = Debug|x64
		{54F62BD7-9755-4C5B-B745-AC1779A39815}.Debug|x86.ActiveCfg = Debug|Win32
		{54F62BD7-9755-4C5B-B745-AC1779A39815}.Debug|x86.Build.0 = Debug|Win32
		{54F62BD7-9755-4C5B-B745-AC1779A39815}.Release|x64.ActiveCfg = Release|x64
		{54F62BD7-9755-4C5B-B745-AC1779A39815}.Release|x64.Build.0 = Release|x64
		{54F62BD7-9755-4C5B-B745-AC1779A39815}.Release|x86.ActiveCfg = Release|Win32
		{54F62BD7-9755-4C5B-B745-AC1779A39815}.Release|x86.Build.0 = Release|Win32
		{6B5EF2A6-3E42-4A2F-877B-B5BE590BD352}.Debug|x64.ActiveCfg = Debug|x64
		{6B5EF2A6-3E42-4A2F-877B-B5BE590BD352}.Debug|x64.Build.0 = Debug|x64
		{6B5EF2A6-3E42-4A2F-877B-B5BE590BD352}.Debug|x86.ActiveCfg = Debug|Win32
		{6B5EF2A6-3E42-4A2F-877B-B5BE590BD352}.Debug|x86.Build.0 = Debug|Win32
		{6B5EF2A6-3E42-4A2F-877B-B5BE590BD352}.Release|x64.ActiveCfg = Release|x64
		{6B5EF2A6-3E42-4A2F-877B-B5BE590BD352}.Release|x64.Build.0 = Release|x64
		{6B5EF2A6-3E42-4A2F-877B-B5BE590BD352}.Release|x86.ActiveCfg = Release|Win32
		{6B5EF2A6-3E42-4A2F-877B-B5BE590BD352}.Release|x86.Build.0 = Release|Win32
		{91B25FC9-4131-4D06-8181-844F94336EE8}.Debug|x64.ActiveCfg = Debug|x64
		{91B25FC9-4131-4D06-8181-844F94336EE8}.Debug|x64.Build.0 = Debug|x64
		{91B25FC9-4131-4D06-8181-844F94336EE8}.Debug|x86.ActiveCfg = Debug|Win32
		{91B25FC9-4131-4D06-8181-844F94336EE8}.Debug|x86.Build.0 = Debug|Win32
		{91B25FC9-4131-4D06-8181-844F94336EE8}.Release|x64.ActiveCfg = Release|x64
		{91B25FC9-4131-4D06-8181-844F94336EE8}.Release|x64.Build.0 = Release|x64
		{91B25FC9-4131-4D06-8181-844F94336EE8}.Release|x86.ActiveCfg = Release|Win32
		{91B25FC9-4131-4D06-8181-844F94336EE8}.Release|x86.Build.0 = Release|Win32
		{BE8AFC4A-0915-44C6-B562-FB1C240C23B4}.Debug|x64.ActiveCfg = Debug|x64
		{BE8AFC4A-0915-44C6-B562-FB1C240C23B4}.Debug|x64.Build.0 = Debug|x64
		{BE8AFC4A-0915-44C6-B562-FB1C240C23B4}.Debug|x86.ActiveCfg = Debug|Win32
		{BE8AFC4A-0915-44C6-B562-FB1C240C23B4}.Debug|x86.Build.0 = Debug|Win32
		{BE8AFC4A-0915-44C6-B562-FB1C240C23B4}.Release|x64.ActiveCfg = Release|x64
		{BE8AFC4A-0915-44C6-B562-FB1C240C23B4}.Release|x64.Build.0 = Release|x64
		{BE8AFC4A-0915-44C6-B562-FB1C240C23B4}.Release|x86.ActiveCfg = Release|Win32
		{BE8AFC4A-0915-44C6-B562-FB1C240C23B4}.Release|x86.Build.0 = Release|Win32
		{A2F62C6E-6E97-4CF9-AD20-3558826BB6EF}.Debug|x64.ActiveCfg = Debug|x64
		{A2F62C6E-6E97-4CF9-AD20-3558826BB6EF}.Debug|x64.Build.0 = Debug|x64
		{A2F62C6E-6E97-4CF9-AD20-3558826BB6EF}.Debug|x86.ActiveCfg = Debug|Win32
		{A2F62C6E-6E97-4CF9-AD20-3558826BB6EF}.Debug|x86.Build.0 = Debug|Win32
		{A2F62C6E-6E97-4CF9-AD20-3558826BB6EF}.Release|x64.ActiveCfg = Release|x64
		{A2F62C6E-6E97-4CF9-AD20-3558826BB6EF}.Release|x64.Build.0 = Release|x64
		{A2F62C6E-6E97-4CF9-AD20-3558826BB6EF}.Release|x86.ActiveCfg = Release|Win32
		{A2F62C6E-6E97-4CF9-AD20-3558826BB6EF}.Release|x86.Build.0 = Release|Win32
		{0A6C379A-6C88-46F4-A019-84CE6995DA8B}.Debug|x64.ActiveCfg = Debug|x64
		{0A6C379A-6C88-46F4-A019-84CE6995DA8B}.Debug|x64.Build.0 = Debug|x64
		{0A6C379A-6C88-46F4-A019-84CE6995DA8B}.Debug|x86.ActiveCfg = Debug|Win32
		{0A6C379A-6C88-46F4-A019-84CE6995DA8B}.Debug|x86.Build.0 = Debug|Win32
		{0A6C379A-6C88-46F4-A019-84CE6995DA8B}.Release|x64.ActiveCfg = Release|x64
		{0A6C379A-6C88-46F4-A019-84CE6995DA8B}.Release|x64.Build.0 = Release|x64
		{0A6C379A-6C88-46F4-A019-84CE6995DA8B}.Release|x86.ActiveCfg = Release|Win32
		{0A6C379A-6C88-46F4-A019-84CE6995DA8B}.Release|x86.Build.0 = Release|Win32
		{C98406E8-D044-479D-A70F-AE484092150E}.Debug|x64.ActiveCfg = Debug|x64
		{C98406E8-D044-479D-A70F-AE484092150E}.Debug|x64.Build.0 = Debug|x64
		{C98406E8-D044-479D-A70F-AE484092150E}.Debug|x86.ActiveCfg = Debug|Win32
		{C98406E8-D044-479D-A70F-AE484092150E}.Debug|x86.Build.0 = Debug|Win32
		{C98406E8-D044-479D-A70F-AE484092150E}.Release|x64.ActiveCfg = Release|x64
		{C98406E8-D044-479D-A70F-AE484092150E}.Release|x64.Build.0 = Release|x64
		{C98406E8-D044-479D-A70F-AE484092150E}.Release|x86.ActiveCfg = Release|Win32
		{C98406E8-D044-479D-A70F-AE484092150E}.Release|x86.Build.0 = Release|Win32
		{8F74E523-239D-4293-B08D-0DB20E05567E}.Debug|x64.ActiveCfg = Debug|x64
		{8F74E523-239D-4293-B08D-0DB20E05567E}.Debug|x64.Build.0 = Debug|x64
		{8F74E523-239D-4293-B08D-0DB20E05567E}.Debug|x86.ActiveCfg = Debug|Win32
		{8F74E523-239D-4293-B08D-0DB20E05567E}.Debug|x86.Build.0 = Debug|Win32
		{8F74E523-239D-4293-B08D-0DB20E05567E}.Release|x64.ActiveCfg = Release|x64
		{8F74E523-239D-4293-B08D-0DB20E05567E}.Release|x64.Build.0 = Release|x64
		{8F74E523-239D-4293-B08D-0DB20E05567E}.Release|x86.ActiveCfg = Release|Win32
		{8F74E523-239D-4293-B08D-0DB20E05567E}.Release|x86.Build.0 = Release|Win32
		{9DC18D05-B43F-4934-9B14-FC842A905220}.Debug|x64.ActiveCfg = Debug|x64
		{9DC18D05-B43F-4934-9B14-FC842A905220}.Debug|x64.Build.0 = Debug|x64
		{9DC18D05-B43F-4934-9B14-FC842A905220}.Debug|x86.ActiveCfg = Debug|Win32
		{9DC18D05-B43F-4934-9B14-FC842A905220}.Debug|x86.Build.0 = Debug|Win32
		{9DC18D05-B43F-4934-9B14-FC842A905220}.Release|x64.ActiveCfg = Release|x64
		{9DC18D05-B43F-4934-9B14-FC842A905220}.Release|x64.Build.0 = Release|x64
		{9DC18D05-B43F-4934-9B14-FC842A905220}.Release|x86.ActiveCfg = Release|Win32
		{9DC18D05-B43F-4934-9B14-FC842A905220}.Release|x86.Build.0 = Release|Win32
		{1146A1A0-5FC0-47D7-9E24-E063F58DFB7B}.Debug|x64.ActiveCfg = Debug|x64
		{1146A1A0-5FC0-47D7-9E24-E063F58DFB7B}.Debug|x64.Build.0 = Debug|x64
		{1146A1A0-5FC0-47D7-9E24-E063F58DFB7B}.Debug|x86.ActiveCfg = Debug|Win32
		{1146A1A0-5FC0-47D7-9E24-E063F58DFB7B}.Debug|x86.Build.0 = Debug|Win32
		{1146A1A0-5FC0-47D7-9E24-E063F58DFB7B}.Release|x64.ActiveCfg = Release|x64
		{1146A1A0-5FC0-47D7-9E24-E063F58DFB7B}.Release|x64.Build.0 = Release|x64
		{1146A1A0-5FC0-47D7-9E24-E063F58DFB7B}.Release|x86.ActiveCfg = Release|Win32
		{1146A1A0-5FC0-47D7-9E24-E063F58DFB7B}.Release|x86.Build.0 = Release|Win32
		{8D2FC085-54EC-478C-BABE-97CDC087FBC2}.Debug|x64.ActiveCfg = Debug|x64
		{8D2FC085-54EC-478C-BABE-97CDC087FBC2}.Debug|x64.Build.0 = Debug|x64
		{8D2FC085-54EC-478C-BABE-97CDC087FBC2}.Debug|x86.ActiveCfg = Debug|Win32
		{8D2FC085-54EC-478C-BABE-97CDC087FBC2}.Debug|x86.Build.0 = Debug|Win32
		{8D2FC085-54EC-478C-BABE-97CDC087FBC2}.Release|x64.ActiveCfg = Release|x64
		{8D2FC085-54EC-478C-BABE-97CDC087FBC2}.Release|x64.Build.0 = Release|x64
		{8D2FC085-54EC-478C-BABE-97CDC087FBC2}.Release|x86.ActiveCfg = Release|Win32
		{8D2FC085-54EC-478C-BABE-97CDC087FBC2}.Release|x86.Build.0 = Release|Win32
		{E6FCDCF9-32D0-4CBB-9F47-65803020518F}.Debug|x64.ActiveCfg = Debug|x64
		{E6FCDCF9-32D0-4CBB-9F47-65803020518F}.Debug|x64.Build.0 = Debug|x64
		{E6FCDCF9-32D0-4CBB-9F47-65803020518F}.Debug|x86.ActiveCfg = Debug|Win32
		{E6FCDCF9-32D0-4CBB-9F47-65803020518F}.Debug|x86.Build.0 = Debug|Win32
		{E6FCDCF9-32D0-4CBB-9F47-65803020518F}.Release|x64.ActiveCfg = Release|x64
		{E6FCDCF9-32D0-4CBB-9F47-65803020518F}.Release|x64.Build.0 = Release|x64
		{E6FCDCF9-32D0-4CBB-9F47-65803020518F}.Release|x86.ActiveCfg = Release|Win32
		{E6FCDCF9-32D0-4CBB-9F47-65803020518F}.Release|x86.Build.0 = Release|Win32
		{E33E755F-E0A3-46A6-B9FF-64EA1856FAEC}.Debug|x64.ActiveCfg = Debug|x64
		{E33E755F-E0A3-46A6-B9FF-64EA1856FAEC}.Debug|x64.Build.0 = Debug|x64
		{E33E755F-E0A3-46A6-B9FF-64EA1856FAEC}.Debug|x86.ActiveCfg = Debug|Win32
		{E33E755F-E0A3-46A6-B9FF-64EA1856FAEC}.Debug|x86.Build.0 = Debug|Win32
		{E33E755F-E0A3-46A6-B9FF-64EA1856FAEC}.Release|x64.ActiveCfg = Release|x64
		{E33E755F-E0A3-46A6-B9FF-64EA1856FAEC}.Release|x64.Build.0 = Release|x64
		{E33E755F-E0A3-46A6-B9FF-64EA1856FAEC}.Release|x86.ActiveCfg = Release|Win32
		{E33E755F-E0A3-46A6-B9FF-64EA1856FAEC}.Release|x86.Build.0 = Release|Win32
		{C21AE878-C481-4BE7-8674-46D5C5400A48}.Debug|x64.ActiveCfg = Debug|x64
		{C21AE878-C481-4BE7-8674-46D5C5400A48}.Debug|x64.Build.0 = Debug|x64
		{C21AE878-C481-4BE7-8674-46D5C5400A48}.Debug|x86.ActiveCfg = Debug|Win32
		{C21AE878-C481-4BE7-8674-46D5C5400A48}.Debug|x86.Build.0 = Debug|Win32
		{C21AE878-C481-4BE7-8674-46D5C5400A48}.Release|x64.ActiveCfg = Release|x64
		{C21AE878-C481-4BE7-8674-46D5C5400A48}.Release|x64.Build.0 = Release|x64
		{C21AE878-C481-4BE7-8674-46D5C5400A48}.Release|x86.ActiveCfg = Release|Win32
		{C21AE878-C481-4BE7-8674-46D5C5400A48}.Release|x86.Build.0 = Release|Win32
		{60218E84-12A3-469E-9F20-C932D5D932BC}.Debug|x64.ActiveCfg = Debug|x64
		{60218E84-12A3-469E-9F20-C932D5D932BC}.Debug|x64.Build.0 = Debug|x64
		{60218E84-12A3-469E-9F20-C932D5D932BC}.Debug|x86.ActiveCfg = Debug|Win32
		{60218E84-12A3-469E-9F20-C932D5D932BC}.Debug|x86.Build.0 = Debug|Win32
		{60218E84-12A3-469E-9F20-C932D5D932BC}.Release|x64.ActiveCfg = Release|x64
		{60218E84-12A3-469E-9F20-C932D5D932BC}.Release|x64.Build.0 = Release|x64
		{60218E84-12A3-469E-9F20-C932D5D932BC}.Release|x86.ActiveCfg = Release|Win32
		{60218E84-12A3-469E-9F20-C932D5D932BC}.Release|x86.Build.0 = Release|Win32
		{54B9CE1D-EF76-46CF-A57F-089D12C11FC9}.Debug|x64.ActiveCfg = Debug|x64
		{54B9CE1D-EF76-46CF-A57F-089D12C11FC9}.Debug|x64.Build.0 = Debug|x64
		{54B9CE1D-EF76-46CF-A57F-089D12C11FC9}.Debug|x86.ActiveCfg = Debug|Win32
		{54B9CE1D-EF76-46CF-A57F-089D12C11FC9}.Debug|x86.Build.0 = Debug|Win32
		{54B9CE1D-EF76-46CF-A57F-089D12C11FC9}.Release|x64.ActiveCfg = Release|x64
		{54B9CE1D-EF76-46CF-A57F-089D12C11FC9}.Release|x64.Build.0 = Release|x64
		{54B9CE1D-EF76-46CF-A57F-089D12C11FC9}.Release|x86.ActiveCfg = Release|Win32
		{54B9CE1D-EF76-46CF-A57F-089D12C11FC9}.Release|x86.Build.0 = Release|Win32
		{0CE13329-E088-49B9-B192-281FDDE0004C}.Debug|x64.ActiveCfg = Debug|x64
		{0CE13329-E088-49B9-B192-281FDDE0004C}.Debug|x64.Build.0 = Debug|x64
		{0CE13329-E088-49B9-B192-281FDDE0004C}.Debug|x86.ActiveCfg = Debug|Win32
		{0CE13329-E088-49B9-B192-281FDDE0004C}.Debug|x86.Build.0 = Debug|Win32
		{0CE13329-E088-49B9-B192-281FDDE0004C}.Release|x64.ActiveCfg = Release|x64
		{0CE13329-E088-49B9-B192-281FDDE0004C}.Release|x64.Build.0 = Release|x64
		{0CE13329-E088-49B9-B192-281FDDE0004C}.Release|x86.ActiveCfg = Release|Win32
		{0CE13329-E088-49B9-B192-281FDDE0004C}.Release|x86.Build.0 = Release|Win32
		{8211991A-C440-433D-8EF7-44BF6F2668C8}.Debug|x64.ActiveCfg = Debug|x64
		{8211991A-C440-433D-8EF7-44BF6F2668C8}.Debug|x64.Build.0 = Debug|x64
		{8211991A-C440-433D-8EF7-44BF6F2668C8}.Debug|x86.ActiveCfg = Debug|Win32
		{8211991A-C440-433D-8EF7-44BF6F2668C8}.Debug|x86.Build.0 = Debug|Win32
		{8211991A-C440-433D-8EF7-44BF6F2668C8}.Release|x64.ActiveCfg = Release|x64
		{8211991A-C440-433D-8EF7-44BF6F2668C8}.Release|x64.Build.0 = Release|x64
		{8211991A-C440-433D-8EF7-44BF6F2668C8}.Release|x86.ActiveCfg = Release|Win32
		{8211991A-C440-433D-8EF7-44BF6F2668C8}.Release|x86.Build.0 = Release|Win32
		{51CA4F0C-BC1D-424F-B161-FABFAB8524F0}.Debug|x64.ActiveCfg = Debug|x64
		{51CA4F0C-BC1D-424F-B161-FABFAB8524F0}.Debug|x64.Build.0 = Debug|x64
		{51CA4F0C-BC1D-424F-B161-FABFAB8524F0}.Debug|x86.ActiveCfg = Debug|Win32
		{51CA4F0C-BC1D-424F-B161-FABFAB8524F0}.Debug|x86.Build.0 = Debug|Win32
		{51CA4F0C-BC1D-424F-B161-FABFAB8524F0}.Release|x64.ActiveCfg = Release|x64
		{51CA4F0C-BC1D-424F-B161-FABFAB8524F0}.Release|x64.Build.0 = Release|x64
		{51CA4F0C-BC1D-424F-B161-FABFAB8524F0}.Release|x86.ActiveCfg = Release|Win32
		{51CA4F0C-BC1D-424F-B161-FABFAB8524F0}.Release|x86.Build.0 = Release|Win32
		{51448154-D70C-41E8-AA70-0D8C14EE38E0}.Debug|x64.ActiveCfg = Debug|x64
		{51448154-D70C-41E8-AA70-0D8C14EE38E0}.Debug|x64.Build.0 = Debug|x64
		{51448154-D70C-41E8-AA70-0D8C14EE38E0}.Debug|x86.ActiveCfg = Debug|Win32
		{51448154-D70C-41E8-AA70-0D8C14EE38E0}.Debug|x86.Build.0 = Debug|Win32
		{51448154-D70C-41E8-AA70-0D8C14EE38E0}.Release|x64.ActiveCfg = Release|x64
		{51448154-D70C-41E8-AA70-0D8C14EE38E0}.Release|x64.Build.0 = Release|x64
		{51448154-D70C-41E8-AA70-0D8C14EE38E0}.Release|x86.ActiveCfg = Release|Win32
		{51448154-D70C-41E8-AA70-0D8C14EE38E0}.Release|x86.Build.0 = Release|Win32
		{C7162583-04ED-45D8-AFCC-5CABD0F00461}.Debug|x64.ActiveCfg = Debug|x64
		{C7162583-04ED-45D8-AFCC-5CABD0F00461}.Debug|x64.Build.0 = Debug|x64
		{C7162583-04ED-45D8-AFCC-5CABD0F00461}.Debug|x86.ActiveCfg = Debug|Win32
		{C7162583-04ED-45D8-AFCC-5CABD0F00461}.Debug|x86.Build.0 = Debug|Win32
		{C7162583-04ED-45D8-AFCC-5CABD0F00461}.Release|x64.ActiveCfg = Release|x64
		{C7162583-04ED-45D8-AFCC-5CABD0F00461}.Release|x64.Build.0 = Release|x64
		{C7162583-04ED-45D8-AFCC-5CABD0F00461}.Release|x86.ActiveCfg = Release|Win32
		{C7162583-04ED-45D8-AFCC-5CABD0F00461}.Release|x86.Build.0 = Release|Win32
		{A763998D-EF5F-4D97-BFB8-86064CE118C3}.Debug|x64.ActiveCfg = Debug|x64
		{A763998D-EF5F-4D97-BFB8-86064CE118C3}.Debug|x64.Build.0 = Debug|x64
		{A763998D-EF5F-4D97-BFB8-86064CE118C3}.Debug|x86.ActiveCfg = Debug|Win32
		{A763998D-EF5F-4D97-BFB8-86064CE118C3}.Debug|x86.Build.0 = Debug|Win32
		{A763998D-EF5F-4D97-BFB8-86064CE118C3}.Release|x64.ActiveCfg = Release|x64
		{A763998D-EF5F-4D97-BFB8-86064CE118C3}.Release|x64.Build.0 = Release|x64
		{A763998D-EF5F-4D97-BFB8-86064CE118C3}.Release|x86.ActiveCfg = Release|Win32
		{A763998D-EF5F-4D97-BFB8-86064CE118C3}.Release|x86.Build.0 = Release|Win32
		{9AF878E3-3468-4A11-9216-89616F6D3F2F}.Debug|x64.ActiveCfg = Debug|x64
		{9AF878E3-3468-4A11-9216-89616F6D3F2F}.Debug|x64.Build.0 = Debug|x64
		{9AF878E3-3468-4A11-9216-89616F6D3F2F}.Debug|x86.ActiveCfg = Debug|Win32
		{9AF878E3-3468-4A11-9216-89616F6D3F2F}.Debug|x86.Build.0 = Debug|Win32
		{9AF878E3-3468-4A11-9216-89616F6D3F2F}.Release|x64.ActiveCfg = Release|x64
		{9AF878E3-3468-4A11-9216-89616F6D3F2F}.Release|x64.Build.0 = Release|x64
		{9AF878E3-3468-4A11-9216-89616F6D3F2F}.Release|x86.ActiveCfg = Release|Win32
		{9AF878E3-3468-4A11-9216-89616F6D3F2F}.Release|x86.Build.0 = Release|Win32
		{7649EBA9-260A-41DB-B61E-0452F9B1D714}.Debug|x64.ActiveCfg = Debug|x64
		{7649EBA9-260A-41DB-B61E-0452F9B1D714}.Debug|x64.Build.0 = Debug|x64
		{7649EBA9-260A-41DB-B61E-0452F9B1D714}.Debug|x86.ActiveCfg = Debug|Win32
		{7649EBA9-260A-41DB-B61E-0452F9B1D714}.Debug|x86.Build.0 = Debug|Win32
		{7649EBA9-260A-41DB-B61E-0452F9B1D714}.Release|x64.ActiveCfg = Release|x64
		{7649EBA9-260A-41DB-B61E-0452F9B1D714}.Release|x64.Build.0 = Release|x64
		{7649EBA9-260A-41DB-B61E-0452F9B1D714}.Release|x86.ActiveCfg = Release|Win32
		{7649EBA9-260A-41DB-B61E-0452F9B1D714}.Release|x86.Build.0 = Release|Win32
		{A42E45ED-C619-41CB-8B99-3C8486F0D532}.Debug|x64.ActiveCfg = Debug|x64
		{A42E45ED-C619-41CB-8B99-3C8486F0D532}.Debug|x64.Build.0 = Debug|x64
		{A42E45ED-C619-41CB-8B99-3C8486F0D532}.Debug|x86.ActiveCfg = Debug|Win32
		{A42E45ED-C619-41CB-8B99-3C8486F0D532}.Debug|x86.Build.0 = Debug|Win32
		{A42E45ED-C619-41CB-8B99-3C8486F0D532}.Release|x64.ActiveCfg = Release|x64
		{A42E45ED-C619-41CB-8B99-3C8486F0D532}.Release|x64.Build.0 = Release|x64
		{A42E45ED-C619-41CB-8B99-3C8486F0D532}.Release|x86.ActiveCfg = Release|Win32
		{A42E45ED-C619-41CB-8B99-3C8486F0D532}.Release|x86.Build.0 = Release|Win32
		{6198EA68-E89D-419B-A77F-298C0342E8D3}.Debug|x64.ActiveCfg = Debug|x64
		{6198EA68-E89D-419B-A77F-298C0342E8D3}.Debug|x64.Build.0 = Debug|x64
		{6198EA68-E89D-419B-A77F-298C0342E8D3}.Debug|x86.ActiveCfg = Debug|Win32
		{6198EA68-E89D-419B-A77F-298C0342E8D3}.Debug|x86.Build.0 = Debug|Win32
		{6198EA68-E89D-419B-A77F-298C0342E8D3}.Release|x64.ActiveCfg = Release|x64
		{6198EA68-E89D-419B-A77F-298C0342E8D3}.Release|x64.Build.0 = Release|x64
		{6198EA68-E89D-419B-A77F-298C0342E8D3}.Release|x86.ActiveCfg = Release|Win32
		{6198EA68-E89D-419B-A77F-298C0342E8D3}.Release|x86.Build.0 = Release|Win32
		{36E9F4B3-7202-4F82-9B83-012881E004FA}.Debug|x64.ActiveCfg = Debug|x64
		{36E9F4B3-7202-4F82-9B83-012881E004FA}.Debug|x64.Build.0 = Debug|x64
		{36E9F4B3-7202-4F82-9B83-012881E004FA}.Debug|x86.ActiveCfg = Debug|Win32
		{36E9F4B3-7202-4F82-9B83-012881E004FA}.Debug|x86.Build.0 = Debug|Win32
		{36E9F4B3-7202-4F82-9B83-012881E004FA}.Release|x64.ActiveCfg = Release|x64
		{36E9F4B3-7202-4F82-9B83-012881E004FA}.Release|x64.Build.0 = Release|x64
		{36E9F4B3-7202-4F82-9B83-012881E004FA}.Release|x86.ActiveCfg = Release|Win32
		{36E9F4B3-7202-4F82-9B83-012881E004FA}.Release|x86.Build.0 = Release|Win32
		{ED2A7142-262C-4A54-B9F7-904E159E19D7}.Debug|x64.ActiveCfg = Debug|x64
		{ED2A7142-262C-4A54-B9F7-904E159E19D7}.Debug|x64.Build.0 = Debug|x64
		{ED2A7142-262C-4A54-B9F7-904E159E19D7}.Debug|x86.ActiveCfg = Debug|Win32
		{ED2A7142-262C-4A54-B9F7-904E159E19D7}.Debug|x86.Build.0 = Debug|Win32
		{ED2A7142-262C-4A54-B9F7-904E159E19D7}.Release|x64.ActiveCfg = Release|x64
		{ED2A7142-262C-4A54-B9F7-904E159E19D7}.Release|x64.Build.0 = Release|x64
		{ED2A7142-262C-4A54-B9F7-904E159E19D7}.Release|x86.ActiveCfg = Release|Win32
		{ED2A7142-262C-4A54-B9F7-904E159E19D7}.Release|x86.Build.0 = Release|Win32
		{C0965512-BC4E-4D71-A50C-D67A794BD130}.Debug|x64.ActiveCfg = Debug|x64
		{C0965512-BC4E-4D71-A50C-D67A794BD130}.Debug|x64.Build.0 = Debug|x64
		{C0965512-BC4E-4D71-A50C-D67A794BD130}.Debug|x86.ActiveCfg = Debug|Win32
		{C0965512-BC4E-4D71-A50C-D67A794BD130}.Debug|x86.Build.0 = Debug|Win32
		{C0965512-BC4E-4D71-A50C-D67A794BD130}.Release|x64.ActiveCfg = Release|x64
		{C0965512-BC4E-4D71-A50C-D67A794BD130}.Release|x64.Build.0 = Release|x64
		{C0965512-BC4E-4D71-A50C-D67A794BD130}.Release|x86.ActiveCfg = Release|Win32
		{C0965512-BC4E-4D71-A50C-D67A794BD130}.Release|x86.Build.0 = Release|Win32
		{A097190A-4549-49E0-B09D-EBB603CB0C8D}.Debug|x64.ActiveCfg = Debug|x64
		{A097190A-4549-49E0-B09D-EBB603CB0C8D}.Debug|x64.Build.0 = Debug|x64
		{A097190A-4549-49E0-B09D-EBB603CB0C8D}.Debug|x86.ActiveCfg = Debug|Win32
		{A097190A-4549-49E0-B09D-EBB603CB0C8D}.Debug|x86.Build.0 = Debug|Win32
		{A097190A-4549-49E0-B09D-EBB603CB0C8D}.Release|x64.ActiveCfg = Release|x64
		{A097190A-4549-49E0-B09D-EBB603CB0C8D}.Release|x64.Build.0 = Release|x64
		{A097190A-4549-49E0-B09D-EBB603CB0C8D}.Release|x86.ActiveCfg = Release|Win32
		{A097190A-4549-49E0-B09D-EBB603CB0C8D}.Release|x86.Build.0 = Release|Win32
		{FD914CB3-66B6-418E-92A0-A0D98E90E911}.Debug|x64.ActiveCfg = Debug|x64
		{FD914CB3-66B6-418E-92A0-A0D98E90E911}.Debug|x64.Build.0 = Debug|x64
		{FD914CB3-66B6-418E-92A0-A0D98E90E911}.Debug|x86.ActiveCfg = Debug|Win32
		{FD914CB3-66B6-418E-92A0-A0D98E90E911}.Debug|x86.Build.0 = Debug|Win32
		{FD914CB3-66B6-418E-92A0-A0D98E90E911}.Release|x64.ActiveCfg = Release|x64
		{FD914CB3-66B6-418E-92A0-A0D98E90E911}.Release|x64.Build.0 = Release|x64
		{FD914CB3-66B6-418E-92A0-A0D98E90E911}.Release|x86.ActiveCfg = Release|Win32
		{FD914CB3-66B6-418E-92A0-A0D98E90E911}.Release|x86.Build.0 = Release|Win32
		{55CB5D6B-6DA4-497E-80C6-9F227DBBDA38}.Debug|x64.ActiveCfg = Debug|x64
		{55CB5D6B-6DA4-497E-80C6-9F227DBBDA38}.Debug|x64.Build.0 = Debug|x64
		{55CB5D6B-6DA4-497E-80C6-9F227DBBDA38}.Debug|x86.ActiveCfg = Debug|Win32
		{55CB5D6B-6DA4-497E-80C6-9F227DBBDA38}.Debug|x86.Build.0 = Debug|Win32
		{55CB5D6B-6DA4-497E-80C6-9F227DBBDA38}.Release|x64.ActiveCfg = Release|x64
		{55CB5D6B-6DA4-497E-80C6-9F227DBBDA38}.Release|x64.Build.0 = Release|x64
		{55CB5D6B-6DA4-497E-80C6-9F227DBBDA38}.Release|x86.ActiveCfg = Release|Win32
		{55CB5D6B-6DA4-497E-80C6-9F227DBBDA38}.Release|x86.Build.0 = Release|Win32
		{253FE1A4-43E6-4138-A8AA-ADACD8AF96FD}.Debug|x64.ActiveCfg = Debug|x64
		{253FE1A4-43E6-4138-A8AA-ADACD8AF96FD}.Debug|x64.Build.0 = Debug|x64
		{253FE1A4-43E6-4138-A8AA-ADACD8AF96FD}.Debug|x86.ActiveCfg = Debug|Win32
		{253FE1A4-43E6-4138-A8AA-ADACD8AF96FD}.Debug|x86.Build.0 = Debug|Win32
		{253FE1A4-43E6-4138-A8AA-ADACD8AF96FD}.Release|x64.ActiveCfg = Release|x64
		{253FE1A4-43E6-4138-A8AA-ADACD8AF96FD}.Release|x64.Build.0 = Release|x64
		{253FE1A4-43E6-4138-A8AA-ADACD8AF96FD}.Release|x86.ActiveCfg = Release|Win32
		{253FE1A4-43E6-4138-A8AA-ADACD8AF96FD}.Release|x86.Build.0 = Release|Win32
		{92F56487-D656-459F-8523-048107DFA1CE}.Debug|x64.ActiveCfg = Debug|x64
		{92F56487-D656-459F-8523-048107DFA1CE}.Debug|x64.Build.0 = Debug|x64
		{92F56487-D656-459F-8523-048107DFA1CE}.Debug|x86.ActiveCfg = Debug|Win32
		{92F56487-D656-459F-8523-048107DFA1CE}.Debug|x86.Build.0 = Debug|Win32
		{92F56487-D656-459F-8523-048107DFA1CE}.Release|x64.ActiveCfg = Release|x64
		{92F56487-D656-459F-8523-048107DFA1CE}.Release|x64.Build.0 = Release|x64
		{92F56487-D656-459F-8523-048107DFA1CE}.Release|x86.ActiveCfg = Release|Win32
		{92F56487-D656-459F-8523-048107DFA1CE}.Release|x86.Build.0 = Release|Win32
		{4E01F580-EF51-4E4C-A7D7-E36725FAE51D}.Debug|x64.ActiveCfg = Debug|x64
		{4E01F580-EF51-4E4C-A7D7-E36725FAE51D}.Debug|x64.Build.0 = Debug|x64
		{4E01F580-EF51-4E4C-A7D7-E36725FAE51D}.Debug|x86.ActiveCfg = Debug|Win32
		{4E01F580-EF51-4E4C-A7D7-E36725FAE51D}.Debug|x86.Build.0 = Debug|Win32
		{4E01F580-EF51-4E4C-A7D7-E36725FAE51D}.Release|x64.ActiveCfg = Release|x64
		{4E01F580-EF51-4E4C-A7D7-E36725FAE51D}.Release|x64.Build.0 = Release|x64
		{4E01F580-EF51-4E4C-A7D7-E36725FAE51D}.Release|x86.ActiveCfg = Release|Win32
		{4E01F580-EF51-4E4C-A7D7-E36725FAE51D}.Release|x86.Build.0 = Release|Win32
		{F2A75C2D-B957-4A49-8395-B83CC28AB0BC}.Debug|x64.ActiveCfg = Debug|x64
		{F2A75C2D-B957-4A49-8395-B83CC28AB0BC}.Debug|x64.Build.0 = Debug|x64
		{F2A75C2D-B957-4A49-8395-B83CC28AB0BC}.Debug|x86.ActiveCfg = Debug|Win32
		{F2A75C2D-B957-4A49-8395-B83CC28AB0BC}.Debug|x86.Build.0 = Debug|Win32
		{F2A75C2D-B957-4A49-8395-B83CC28AB0BC}.Release|x64.ActiveCfg = Release|x64
		{F2A75C2D-B957-4A49-8395-B83CC28AB0BC}.Release|x64.Build.0 = Release|x64
		{F2A75C2D-B957-4A49-8395-B83CC28AB0BC}.Release|x86.ActiveCfg = Release|Win32
		{F2A75C2D-B957-4A49-8395-B83CC28AB0BC}.Release|x86.Build.0 = Release|Win32
		{C6419F8A-75B0-42C5-9468-ADD875794639}.Debug|x64.ActiveCfg = Debug|x64
		{C6419F8A-75B0-42C5-9468-ADD875794639}.Debug|x64.Build.0 = Debug|x64
		{C6419F8A-75B0-42C5-9468-ADD875794639}.Debug|x86.ActiveCfg = Debug|Win32
		{C6419F8A-75B0-42C5-9468-ADD875794639}.Debug|x86.Build.0 = Debug|Win32
		{C6419F8A-75B0-42C5-9468-ADD875794639}.Release|x64.ActiveCfg = Release|x64
		{C6419F8A-75B0-42C5-9468-ADD875794639}.Release|x64.Build.0 = Release|x64
		{C6419F8A-75B0-42C5-9468-ADD875794639}.Release|x86.ActiveCfg = Release|Win32
		{C6419F8A-75B0-42C5-9468-ADD875794639}.Release|x86.Build.0 = Release|Win32
		{6C9A7CA2-0010-49DA-9338-D5064907D221}.Debug|x64.ActiveCfg = Debug|x64
		{6C9A7CA2-0010-49DA-9338-D5064907D221}.Debug|x64.Build.0 = Debug|x64
		{6C9A7CA2-0010-49DA-9338-D5064907D221}.Debug|x86.ActiveCfg = Debug|Win32
		{6C9A7CA2-0010-49DA-9338-D5064907D221}.Debug|x86.Build.0 = Debug|Win32
		{6C9A7CA2-0010-49DA-9338-D5064907D221}.Release|x64.ActiveCfg = Release|x64
		{6C9A7CA2-0010-49DA-9338-D5064907D221}.Release|x64.Build.0 = Release|x64
		{6C9A7CA2-0010-49DA-9338-D5064907D221}.Release|x86.ActiveCfg = Release|Win32
		{6C9A7CA2-0010-49DA-9338-D5064907D221}.Release|x86.Build.0 = Release|Win32
		{4F30D327-3C55-4B11-BED7-656F81EBBD91}.Debug|x64.ActiveCfg = Debug|x64
		{4F30D327-3C55-4B11-BED7-656F81EBBD91}.Debug|x64.Build.0 = Debug|x64
		{4F30D327-3C55-4B11-BED7-656F81EBBD91}.Debug|x86.ActiveCfg = Debug|Win32
		{4F30D327-3C55-4B11-BED7-656F81EBBD91}.Debug|x86.Build.0 = Debug|Win32
		{4F30D327-3C55-4B11-BED7-656F81EBBD91}.Release|x64.ActiveCfg = Release|x64
		{4F30D327-3C55-4B11-BED7-656F81EBBD91}.Release|x64.Build.0 = Release|x64
		{4F30D327-3C55-4B11-BED7-656F81EBBD91}.Release|x86.ActiveCfg = Release|Win32
		{4F30D327-3C55-4B11-BED7-656F81EBBD91}.Release|x86.Build.0 = Release|Win32
		{8CA47E45-F7A7-4BF9-B811-8D3F4AB15F90}.Debug|x64.ActiveCfg = Debug|x64
		{8CA47E45-F7A7-4BF9-B811-8D3F4AB15F90}.Debug|x64.Build.0 = Debug|x64
		{8CA47E45-F7A7-4BF9-B811-8D3F4AB15F90}.Debug|x86.ActiveCfg = Debug|Win32
		{8CA47E45-F7A7-4BF9-B811-8D3F4AB15F90}.Debug|x86.Build.0 = Debug|Win32
		{8CA47E45-F7A7-4BF9-B811-8D3F4AB15F90}.Release|x64.ActiveCfg = Release|x64
		{8CA47E45-F7A7-4BF9-B811-8D3F4AB15F90}.Release|x64.Build.0 = Release|x64
		{8CA47E45-F7A7-4BF9-B811-8D3F4AB15F90}.Release|x86.ActiveCfg = Release|Win32
		{8CA47E45-F7A7-4BF9-B811-8D3F4AB15F90}.Release|x86.Build.0 = Release|Win32
		{968B6FA0-5D14-4822-A809-9D60D0310A61}.Debug|x64.ActiveCfg = Debug|x64
		{968B6FA0-5D14-4822-A809-9D60D0310A61}.Debug|x64.Build.0 = Debug|x64
		{968B6FA0-5D14-4822-A809-9D60D0310A61}.Debug|x86.ActiveCfg = Debug|Win32
		{968B6FA0-5D14-4822-A809-9D60D0310A61}.Debug|x86.Build.0 = Debug|Win32
		{968B6FA0-5D14-4822-A809-9D60D0310A61}.Release|x64.ActiveCfg = Release|x64
		{968B6FA0-5D14-4822-A809-9D60D0310A61}.Release|x64.Build.0 = Release|x64
		{968B6FA0-5D14-4822-A809-9D60D0310A61}.Release|x86.ActiveCfg = Release|Win32
		{968B6FA0-5D14-4822-A809-9D60D0310A61}.Release|x86.Build.0 = Release|Win32
		{DD345366-C943-4B5F-8E16-168FB0C5FFA5}.Debug|x64.ActiveCfg = Debug|x64
		{DD345366-C943-4B5F-8E16-168FB0C5FFA5}.Debug|x64.Build.0 = Debug|x64
		{DD345366-C943-4B5F-8E16-168FB0C5FFA5}.Debug|x86.ActiveCfg = Debug|Win32
		{DD345366-C943-4B5F-8E16-168FB0C5FFA5}.Debug|x86.Build.0 = Debug|Win32
		{DD345366-C943-4B5F-8E16-168FB0C5FFA5}.Release|x64.ActiveCfg = Release|x64
		{DD345366-C943-4B5F-8E16-168FB0C5FFA5}.Release|x64.Build.0 = Release|x64
		{DD345366-C943-4B5F-8E16-168FB0C5FFA5}.Release|x86.ActiveCfg = Release|Win32
		{DD345366-C943-4B5F-8E16-168FB0C5FFA5}.Release|x86.Build.0 = Release|Win32
		{BE35E862-3C6C-4628-A19E-7308FCE22E25}.Debug|x64.ActiveCfg = Debug|x64
		{BE35E862-3C6C-4628-A19E-7308FCE22E25}.Debug|x64.Build.0 = Debug|x64
		{BE35E862-3C6C-4628-A19E-7308FCE22E25}.Debug|x86.ActiveCfg = Debug|Win32
		{BE35E862-3C6C-4628-A19E-7308FCE22E25}.Debug|x86.Build.0 = Debug|Win32
		{BE35E862-3C6C-4628-A19E-7308FCE22E25}.Release|x64.ActiveCfg = Release|x64
		{BE35E862-3C6C-4628-A19E-7308FCE22E25}.Release|x64.Build.0 = Release|x64
		{BE35E862-3C6C-4628-A19E-7308FCE22E25}.Release|x86.ActiveCfg = Release|Win32
		{BE35E862-3C6C-4628-A19E-7308FCE22E25}.Release|x86.Build.0 = Release|Win32
		{F1327876-7BC5-4E3F-8F48-8A2DFBE2EBE8}.Debug|x64.ActiveCfg = Debug|x64
		{F1327876-7BC5-4E3F-8F48-8A2DFBE2EBE8}.Debug|x64.Build.0 = Debug|x64
		{F1327876-7BC5-4E3F-8F48-8A2DFBE2EBE8}.Debug|x86.ActiveCfg = Debug|Win32
		{F1327876-7BC5-4E3F-8F48-8A2DFBE2EBE8}.Debug|x86.Build.0 = Debug|Win32
		{F1327876-7BC5-4E3F-8F48-8A2DFBE2EBE8}.Release|x64.ActiveCfg = Release|x64
		{F1327876-7BC5-4E3F-8F48-8A2DFBE2EBE8}.Release|x64.Build.0 = Release|x64
		{F1327876-7BC5-4E3F-8F48-8A2DFBE2EBE8}.Release|x86.ActiveCfg = Release|Win32
		{F1327876-7BC5-4E3F-8F48-8A2DFBE2EBE8}.Release|x86.Build.0 = Release|Win32
		{D03B6F46-821B-4BAD-8059-966E3012D4B4}.Debug|x64.ActiveCfg = Debug|x64
		{D03B6F46-821B-4BAD-8059-966E3012D4B4}.Debug|x64.Build.0 = Debug|x64
		{D03B6F46-821B-4BAD-8059-966E3012D4B4}.Debug|x86.ActiveCfg = Debug|Win32
		{D03B6F46-821B-4BAD-8059-966E3012D4B4}.Debug|x86.Build.0 = Debug|Win32
		{D03B6F46-821B-4BAD-8059-966E3012D4B4}.Release|x64.ActiveCfg = Release|x64
		{D03B6F46-821B-4BAD-8059-966E3012D4B4}.Release|x64.Build.0 = Release|x64
		{D03B6F46-821B-4BAD-8059-966E3012D4B4}.Release|x86.ActiveCfg = Release|Win32
		{D03B6F46-821B-4BAD-8059-966E3012D4B4}.Release|x86.Build.0 = Release|Win32
	EndGlobalSection
	GlobalSection(SolutionProperties) = preSolution
		HideSolutionNode = FALSE
	EndGlobalSection
	GlobalSection(ExtensibilityGlobals) = postSolution
		SolutionGuid = {DB1A3D21-DED8-4656-946F-948D9C69D617}
	EndGlobalSection
EndGlobal
